// !$*UTF8*$!
{
	archiveVersion = 1;
	classes = {
	};
	objectVersion = 55;
	objects = {

/* Begin PBXBuildFile section */
		01B54ACEA4E83D4907AFF4CC /* Pods_SwappingTests.framework in Frameworks */ = {isa = PBXBuildFile; fileRef = D23F58B959ECE35C1A16FDBE /* Pods_SwappingTests.framework */; };
		5D4E5B9C5BE6FFFDCA08062C /* Pods_SwappingTestsDataService.framework in Frameworks */ = {isa = PBXBuildFile; fileRef = 03B07F66DEFE09E7DE028C1E /* Pods_SwappingTestsDataService.framework */; };
		C91CF1A0281BB36300C5CFB8 /* CategorySectionTableViewCell.swift in Sources */ = {isa = PBXBuildFile; fileRef = C91CF19E281BB36300C5CFB8 /* CategorySectionTableViewCell.swift */; };
		C91CF1A1281BB36300C5CFB8 /* CategorySectionTableViewCell.xib in Resources */ = {isa = PBXBuildFile; fileRef = C91CF19F281BB36300C5CFB8 /* CategorySectionTableViewCell.xib */; };
		C91CF1A3281EDDF900C5CFB8 /* ProductCollectionViewCell.swift in Sources */ = {isa = PBXBuildFile; fileRef = C91CF1A2281EDDF900C5CFB8 /* ProductCollectionViewCell.swift */; };
		C91CF1A7281EDF2B00C5CFB8 /* ProductListViewController.swift in Sources */ = {isa = PBXBuildFile; fileRef = C91CF1A6281EDF2B00C5CFB8 /* ProductListViewController.swift */; };
		C91CF1A9281EE36100C5CFB8 /* EditProductViewController.swift in Sources */ = {isa = PBXBuildFile; fileRef = C91CF1A8281EE36100C5CFB8 /* EditProductViewController.swift */; };
		C92D15AF2836468400BD172C /* SwappingTestsDataService.swift in Sources */ = {isa = PBXBuildFile; fileRef = C92D15AE2836468400BD172C /* SwappingTestsDataService.swift */; };
		C92D15B82837C89500BD172C /* LogoutVC.swift in Sources */ = {isa = PBXBuildFile; fileRef = C92D15B72837C89500BD172C /* LogoutVC.swift */; };
		C9302156284DE2EE00A173A6 /* RefreshPublisher.swift in Sources */ = {isa = PBXBuildFile; fileRef = C9302155284DE2EE00A173A6 /* RefreshPublisher.swift */; };
		C93021582851F33900A173A6 /* CategoryFilter.swift in Sources */ = {isa = PBXBuildFile; fileRef = C93021572851F33900A173A6 /* CategoryFilter.swift */; };
		C930215A2859DB1400A173A6 /* Message.swift in Sources */ = {isa = PBXBuildFile; fileRef = C93021592859DB1400A173A6 /* Message.swift */; };
		C930215C2859F3AD00A173A6 /* MessageService.swift in Sources */ = {isa = PBXBuildFile; fileRef = C930215B2859F3AD00A173A6 /* MessageService.swift */; };
		C9302160285B4BA800A173A6 /* MessageTableViewCell.swift in Sources */ = {isa = PBXBuildFile; fileRef = C930215E285B4BA800A173A6 /* MessageTableViewCell.swift */; };
		C9302161285B4BA800A173A6 /* MessageTableViewCell.xib in Resources */ = {isa = PBXBuildFile; fileRef = C930215F285B4BA800A173A6 /* MessageTableViewCell.xib */; };
		C9333A2428400A5600DA52E5 /* ProductVM.swift in Sources */ = {isa = PBXBuildFile; fileRef = C9333A2328400A5600DA52E5 /* ProductVM.swift */; };
		C9333A262840CC1000DA52E5 /* UserData.swift in Sources */ = {isa = PBXBuildFile; fileRef = C9333A252840CC1000DA52E5 /* UserData.swift */; };
		C9333A282840D75500DA52E5 /* UserDataVM.swift in Sources */ = {isa = PBXBuildFile; fileRef = C9333A272840D75500DA52E5 /* UserDataVM.swift */; };
		C93F15E8288689710069F175 /* ObjectWithId.swift in Sources */ = {isa = PBXBuildFile; fileRef = C93F15E7288689710069F175 /* ObjectWithId.swift */; };
		C93F15EB2886A9AA0069F175 /* CoordinatorProtocol.swift in Sources */ = {isa = PBXBuildFile; fileRef = C93F15EA2886A9AA0069F175 /* CoordinatorProtocol.swift */; };
		C93F15ED2886AB330069F175 /* Storyboarded.swift in Sources */ = {isa = PBXBuildFile; fileRef = C93F15EC2886AB330069F175 /* Storyboarded.swift */; };
		C93F15EF2886DC610069F175 /* AlertProtocol.swift in Sources */ = {isa = PBXBuildFile; fileRef = C93F15EE2886DC610069F175 /* AlertProtocol.swift */; };
		C93F15F32886FC6C0069F175 /* CategoryListCoordinator.swift in Sources */ = {isa = PBXBuildFile; fileRef = C93F15F22886FC6C0069F175 /* CategoryListCoordinator.swift */; };
		C93F15F7288703520069F175 /* ProductListCoordinator.swift in Sources */ = {isa = PBXBuildFile; fileRef = C93F15F6288703520069F175 /* ProductListCoordinator.swift */; };
		C944908A2822A340007D9CBD /* imageWork.swift in Sources */ = {isa = PBXBuildFile; fileRef = C94490892822A340007D9CBD /* imageWork.swift */; };
		C944909228239A0D007D9CBD /* SwappingTests.swift in Sources */ = {isa = PBXBuildFile; fileRef = C944909128239A0D007D9CBD /* SwappingTests.swift */; };
		C951EC532918E0550001C0AA /* ProductListViewInput.swift in Sources */ = {isa = PBXBuildFile; fileRef = C951EC522918E0550001C0AA /* ProductListViewInput.swift */; };
		C951EC552918E0660001C0AA /* ProductListViewOutput.swift in Sources */ = {isa = PBXBuildFile; fileRef = C951EC542918E0660001C0AA /* ProductListViewOutput.swift */; };
		C951EC572918E0FD0001C0AA /* ProductListPresenter.swift in Sources */ = {isa = PBXBuildFile; fileRef = C951EC562918E0FD0001C0AA /* ProductListPresenter.swift */; };
		C951EC5A291914E60001C0AA /* StateCategories.swift in Sources */ = {isa = PBXBuildFile; fileRef = C951EC59291914E60001C0AA /* StateCategories.swift */; };
		C951EC5D291915B50001C0AA /* CategoryTree.swift in Sources */ = {isa = PBXBuildFile; fileRef = C951EC5C291915B50001C0AA /* CategoryTree.swift */; };
		C951EC5F291918110001C0AA /* CategoriesServiceImp.swift in Sources */ = {isa = PBXBuildFile; fileRef = C951EC5E291918110001C0AA /* CategoriesServiceImp.swift */; };
		C951EC62291A9CE20001C0AA /* CategoriesService.swift in Sources */ = {isa = PBXBuildFile; fileRef = C951EC61291A9CE20001C0AA /* CategoriesService.swift */; };
		C951EC67291AA0F20001C0AA /* StateUser.swift in Sources */ = {isa = PBXBuildFile; fileRef = C951EC66291AA0F20001C0AA /* StateUser.swift */; };
		C951EC69291AA1270001C0AA /* StateProduct.swift in Sources */ = {isa = PBXBuildFile; fileRef = C951EC68291AA1260001C0AA /* StateProduct.swift */; };
		C951EC6D291AA23F0001C0AA /* ProductListManagement.swift in Sources */ = {isa = PBXBuildFile; fileRef = C951EC6C291AA23F0001C0AA /* ProductListManagement.swift */; };
		C951EC6F291AA52F0001C0AA /* ProductListManagementImp.swift in Sources */ = {isa = PBXBuildFile; fileRef = C951EC6E291AA52F0001C0AA /* ProductListManagementImp.swift */; };
		C951EC72291BB4570001C0AA /* ProductService.swift in Sources */ = {isa = PBXBuildFile; fileRef = C951EC71291BB4570001C0AA /* ProductService.swift */; };
		C951EC74291BB47F0001C0AA /* ProductServiceImp.swift in Sources */ = {isa = PBXBuildFile; fileRef = C951EC73291BB47F0001C0AA /* ProductServiceImp.swift */; };
		C951EC76291BBDC00001C0AA /* ProductListBuilder.swift in Sources */ = {isa = PBXBuildFile; fileRef = C951EC75291BBDC00001C0AA /* ProductListBuilder.swift */; };
		C951EC78291D2B7C0001C0AA /* ProductPresenter.swift in Sources */ = {isa = PBXBuildFile; fileRef = C951EC77291D2B7C0001C0AA /* ProductPresenter.swift */; };
		C951EC7B291D2C5F0001C0AA /* ProductViewInput.swift in Sources */ = {isa = PBXBuildFile; fileRef = C951EC7A291D2C5F0001C0AA /* ProductViewInput.swift */; };
		C951EC7D291D2C7E0001C0AA /* ProductViewOutput.swift in Sources */ = {isa = PBXBuildFile; fileRef = C951EC7C291D2C7E0001C0AA /* ProductViewOutput.swift */; };
		C951EC80291E2E9C0001C0AA /* StateMessage.swift in Sources */ = {isa = PBXBuildFile; fileRef = C951EC7F291E2E9C0001C0AA /* StateMessage.swift */; };
		C951EC82291E37F40001C0AA /* ProductBuilder.swift in Sources */ = {isa = PBXBuildFile; fileRef = C951EC81291E37F40001C0AA /* ProductBuilder.swift */; };
		C953F0B7280EE04100EDF49C /* Product.swift in Sources */ = {isa = PBXBuildFile; fileRef = C953F0B6280EE04100EDF49C /* Product.swift */; };
		C953F0B92811392300EDF49C /* FirebaseNetwork.swift in Sources */ = {isa = PBXBuildFile; fileRef = C953F0B82811392300EDF49C /* FirebaseNetwork.swift */; };
		C953F0BC28115AE100EDF49C /* CategoryTableViewCell.swift in Sources */ = {isa = PBXBuildFile; fileRef = C953F0BA28115AE100EDF49C /* CategoryTableViewCell.swift */; };
		C953F0BD28115AE100EDF49C /* CategoryTableViewCell.xib in Resources */ = {isa = PBXBuildFile; fileRef = C953F0BB28115AE100EDF49C /* CategoryTableViewCell.xib */; };
		C953F0C028118E9200EDF49C /* CategoryViewController.swift in Sources */ = {isa = PBXBuildFile; fileRef = C953F0BF28118E9200EDF49C /* CategoryViewController.swift */; };
		C953F0C22812AEBC00EDF49C /* DataService.swift in Sources */ = {isa = PBXBuildFile; fileRef = C953F0C12812AEBC00EDF49C /* DataService.swift */; };
		C953F0C42812E71000EDF49C /* AuthViewController.swift in Sources */ = {isa = PBXBuildFile; fileRef = C953F0C32812E71000EDF49C /* AuthViewController.swift */; };
		C953F0C62812E87200EDF49C /* Coordinator.swift in Sources */ = {isa = PBXBuildFile; fileRef = C953F0C52812E87200EDF49C /* Coordinator.swift */; };
		C95CE71A291564A90052DAD7 /* AppState.swift in Sources */ = {isa = PBXBuildFile; fileRef = C95CE719291564A90052DAD7 /* AppState.swift */; };
		C95CE7252915682C0052DAD7 /* CoordinatedVC.swift in Sources */ = {isa = PBXBuildFile; fileRef = C95CE7242915682C0052DAD7 /* CoordinatedVC.swift */; };
		C95CE7282916790A0052DAD7 /* AuthenticationService.swift in Sources */ = {isa = PBXBuildFile; fileRef = C95CE7272916790A0052DAD7 /* AuthenticationService.swift */; };
		C95CE72A29167A6C0052DAD7 /* SettingsPersistance.swift in Sources */ = {isa = PBXBuildFile; fileRef = C95CE72929167A6C0052DAD7 /* SettingsPersistance.swift */; };
		C95CE72C2917C77F0052DAD7 /* CheckUserService.swift in Sources */ = {isa = PBXBuildFile; fileRef = C95CE72B2917C77F0052DAD7 /* CheckUserService.swift */; };
		C95CE72E2917DAEC0052DAD7 /* AuthPresenter.swift in Sources */ = {isa = PBXBuildFile; fileRef = C95CE72D2917DAEC0052DAD7 /* AuthPresenter.swift */; };
		C95CE7302917DB050052DAD7 /* AuthBuilder.swift in Sources */ = {isa = PBXBuildFile; fileRef = C95CE72F2917DB050052DAD7 /* AuthBuilder.swift */; };
		C95CE7332917DB980052DAD7 /* AuthModuleInputOutput.swift in Sources */ = {isa = PBXBuildFile; fileRef = C95CE7322917DB980052DAD7 /* AuthModuleInputOutput.swift */; };
		C95CE7362917DCFE0052DAD7 /* AuthViewInput.swift in Sources */ = {isa = PBXBuildFile; fileRef = C95CE7352917DCFE0052DAD7 /* AuthViewInput.swift */; };
		C95CE7382917DD330052DAD7 /* AuthViewOutput.swift in Sources */ = {isa = PBXBuildFile; fileRef = C95CE7372917DD330052DAD7 /* AuthViewOutput.swift */; };
		C95CE73B2917FC910052DAD7 /* GlobalConstants.swift in Sources */ = {isa = PBXBuildFile; fileRef = C95CE73A2917FC910052DAD7 /* GlobalConstants.swift */; };
		C95CE73F291802C10052DAD7 /* LogOutViewInput.swift in Sources */ = {isa = PBXBuildFile; fileRef = C95CE73E291802C10052DAD7 /* LogOutViewInput.swift */; };
		C95CE741291803080052DAD7 /* LogOutViewOutput.swift in Sources */ = {isa = PBXBuildFile; fileRef = C95CE740291803080052DAD7 /* LogOutViewOutput.swift */; };
		C95CE744291803430052DAD7 /* LogOutPresenter.swift in Sources */ = {isa = PBXBuildFile; fileRef = C95CE743291803430052DAD7 /* LogOutPresenter.swift */; };
		C994698129180AF50037A36B /* LogOutBuilder.swift in Sources */ = {isa = PBXBuildFile; fileRef = C994698029180AF50037A36B /* LogOutBuilder.swift */; };
		C994A01E28167EF700DD8920 /* PhotoPicker.swift in Sources */ = {isa = PBXBuildFile; fileRef = C994A01D28167EF700DD8920 /* PhotoPicker.swift */; };
		C994BDD8280D98CD00D4AF9F /* AppDelegate.swift in Sources */ = {isa = PBXBuildFile; fileRef = C994BDD7280D98CD00D4AF9F /* AppDelegate.swift */; };
		C994BDDA280D98CD00D4AF9F /* SceneDelegate.swift in Sources */ = {isa = PBXBuildFile; fileRef = C994BDD9280D98CD00D4AF9F /* SceneDelegate.swift */; };
		C994BDDC280D98CD00D4AF9F /* CatalogVC.swift in Sources */ = {isa = PBXBuildFile; fileRef = C994BDDB280D98CD00D4AF9F /* CatalogVC.swift */; };
		C994BDDF280D98CD00D4AF9F /* Main.storyboard in Resources */ = {isa = PBXBuildFile; fileRef = C994BDDD280D98CD00D4AF9F /* Main.storyboard */; };
		C994BDE1280D98CE00D4AF9F /* Assets.xcassets in Resources */ = {isa = PBXBuildFile; fileRef = C994BDE0280D98CE00D4AF9F /* Assets.xcassets */; };
		C994BDE4280D98CE00D4AF9F /* LaunchScreen.storyboard in Resources */ = {isa = PBXBuildFile; fileRef = C994BDE2280D98CE00D4AF9F /* LaunchScreen.storyboard */; };
		C994BDEC280D9AD800D4AF9F /* GoogleService-Info.plist in Resources */ = {isa = PBXBuildFile; fileRef = C994BDEB280D9AD800D4AF9F /* GoogleService-Info.plist */; };
		C9A699AB28251D6400C5A37B /* ProductViewController.swift in Sources */ = {isa = PBXBuildFile; fileRef = C9A699AA28251D6400C5A37B /* ProductViewController.swift */; };
		C9A699AD2826730D00C5A37B /* SwappingTestsDataService.swift in Sources */ = {isa = PBXBuildFile; fileRef = C9A699AC2826730D00C5A37B /* SwappingTestsDataService.swift */; };
		C9A699B52827F98F00C5A37B /* SwappingUITests.swift in Sources */ = {isa = PBXBuildFile; fileRef = C9A699B42827F98F00C5A37B /* SwappingUITests.swift */; };
		C9A699B72827F98F00C5A37B /* SwappingUITestsLaunchTests.swift in Sources */ = {isa = PBXBuildFile; fileRef = C9A699B62827F98F00C5A37B /* SwappingUITestsLaunchTests.swift */; };
		C9A699BE282A41E600C5A37B /* Container.swift in Sources */ = {isa = PBXBuildFile; fileRef = C9A699BD282A41E600C5A37B /* Container.swift */; };
		C9A699C4282A92CB00C5A37B /* CategoryListVM.swift in Sources */ = {isa = PBXBuildFile; fileRef = C9A699C3282A92CB00C5A37B /* CategoryListVM.swift */; };
		C9A699C8282BA8C500C5A37B /* Category.swift in Sources */ = {isa = PBXBuildFile; fileRef = C9A699C7282BA8C500C5A37B /* Category.swift */; };
		C9A699CA282BA8E600C5A37B /* ObjectWithImage.swift in Sources */ = {isa = PBXBuildFile; fileRef = C9A699C9282BA8E600C5A37B /* ObjectWithImage.swift */; };
		C9A699CD282BAA2B00C5A37B /* Dynamic.swift in Sources */ = {isa = PBXBuildFile; fileRef = C9A699CC282BAA2B00C5A37B /* Dynamic.swift */; };
		C9A699CF282BC6AE00C5A37B /* ProductEditVM.swift in Sources */ = {isa = PBXBuildFile; fileRef = C9A699CE282BC6AE00C5A37B /* ProductEditVM.swift */; };
		C9A699D1282E94E400C5A37B /* CategoryVM.swift in Sources */ = {isa = PBXBuildFile; fileRef = C9A699D0282E94E400C5A37B /* CategoryVM.swift */; };
		EF66D34884058B1716A8FFD3 /* Pods_Swapping.framework in Frameworks */ = {isa = PBXBuildFile; fileRef = AE64C9414726353EC3E08C96 /* Pods_Swapping.framework */; };
/* End PBXBuildFile section */

/* Begin PBXContainerItemProxy section */
		C92D15B02836468400BD172C /* PBXContainerItemProxy */ = {
			isa = PBXContainerItemProxy;
			containerPortal = C994BDCC280D98CD00D4AF9F /* Project object */;
			proxyType = 1;
			remoteGlobalIDString = C994BDD3280D98CD00D4AF9F;
			remoteInfo = Swapping;
		};
		C944909328239A0D007D9CBD /* PBXContainerItemProxy */ = {
			isa = PBXContainerItemProxy;
			containerPortal = C994BDCC280D98CD00D4AF9F /* Project object */;
			proxyType = 1;
			remoteGlobalIDString = C994BDD3280D98CD00D4AF9F;
			remoteInfo = Swapping;
		};
		C9A699B82827F98F00C5A37B /* PBXContainerItemProxy */ = {
			isa = PBXContainerItemProxy;
			containerPortal = C994BDCC280D98CD00D4AF9F /* Project object */;
			proxyType = 1;
			remoteGlobalIDString = C994BDD3280D98CD00D4AF9F;
			remoteInfo = Swapping;
		};
/* End PBXContainerItemProxy section */

/* Begin PBXFileReference section */
		03B07F66DEFE09E7DE028C1E /* Pods_SwappingTestsDataService.framework */ = {isa = PBXFileReference; explicitFileType = wrapper.framework; includeInIndex = 0; path = Pods_SwappingTestsDataService.framework; sourceTree = BUILT_PRODUCTS_DIR; };
		0ACCFAEFF9CD26B413E0EF70 /* Pods-SwappingTests.debug.xcconfig */ = {isa = PBXFileReference; includeInIndex = 1; lastKnownFileType = text.xcconfig; name = "Pods-SwappingTests.debug.xcconfig"; path = "Target Support Files/Pods-SwappingTests/Pods-SwappingTests.debug.xcconfig"; sourceTree = "<group>"; };
		0DA5133E8E19921EF3DEBDD9 /* Pods-SwappingTestsDataService.release.xcconfig */ = {isa = PBXFileReference; includeInIndex = 1; lastKnownFileType = text.xcconfig; name = "Pods-SwappingTestsDataService.release.xcconfig"; path = "Target Support Files/Pods-SwappingTestsDataService/Pods-SwappingTestsDataService.release.xcconfig"; sourceTree = "<group>"; };
		0DA918DBB770E71C34DAEED5 /* Pods-Swapping.debug.xcconfig */ = {isa = PBXFileReference; includeInIndex = 1; lastKnownFileType = text.xcconfig; name = "Pods-Swapping.debug.xcconfig"; path = "Target Support Files/Pods-Swapping/Pods-Swapping.debug.xcconfig"; sourceTree = "<group>"; };
		4BAB4D6586F07CB2725CA0DE /* Pods-SwappingTestsDataService.debug.xcconfig */ = {isa = PBXFileReference; includeInIndex = 1; lastKnownFileType = text.xcconfig; name = "Pods-SwappingTestsDataService.debug.xcconfig"; path = "Target Support Files/Pods-SwappingTestsDataService/Pods-SwappingTestsDataService.debug.xcconfig"; sourceTree = "<group>"; };
		AE64C9414726353EC3E08C96 /* Pods_Swapping.framework */ = {isa = PBXFileReference; explicitFileType = wrapper.framework; includeInIndex = 0; path = Pods_Swapping.framework; sourceTree = BUILT_PRODUCTS_DIR; };
		AEBAC420A42C25C1BD24F61E /* Pods-SwappingTests.release.xcconfig */ = {isa = PBXFileReference; includeInIndex = 1; lastKnownFileType = text.xcconfig; name = "Pods-SwappingTests.release.xcconfig"; path = "Target Support Files/Pods-SwappingTests/Pods-SwappingTests.release.xcconfig"; sourceTree = "<group>"; };
		C91CF19E281BB36300C5CFB8 /* CategorySectionTableViewCell.swift */ = {isa = PBXFileReference; lastKnownFileType = sourcecode.swift; path = CategorySectionTableViewCell.swift; sourceTree = "<group>"; };
		C91CF19F281BB36300C5CFB8 /* CategorySectionTableViewCell.xib */ = {isa = PBXFileReference; lastKnownFileType = file.xib; path = CategorySectionTableViewCell.xib; sourceTree = "<group>"; };
		C91CF1A2281EDDF900C5CFB8 /* ProductCollectionViewCell.swift */ = {isa = PBXFileReference; lastKnownFileType = sourcecode.swift; path = ProductCollectionViewCell.swift; sourceTree = "<group>"; };
		C91CF1A6281EDF2B00C5CFB8 /* ProductListViewController.swift */ = {isa = PBXFileReference; lastKnownFileType = sourcecode.swift; path = ProductListViewController.swift; sourceTree = "<group>"; };
		C91CF1A8281EE36100C5CFB8 /* EditProductViewController.swift */ = {isa = PBXFileReference; lastKnownFileType = sourcecode.swift; path = EditProductViewController.swift; sourceTree = "<group>"; };
		C92D15AE2836468400BD172C /* SwappingTestsDataService.swift */ = {isa = PBXFileReference; lastKnownFileType = sourcecode.swift; path = SwappingTestsDataService.swift; sourceTree = "<group>"; };
		C92D15B72837C89500BD172C /* LogoutVC.swift */ = {isa = PBXFileReference; lastKnownFileType = sourcecode.swift; path = LogoutVC.swift; sourceTree = "<group>"; };
		C9302155284DE2EE00A173A6 /* RefreshPublisher.swift */ = {isa = PBXFileReference; lastKnownFileType = sourcecode.swift; path = RefreshPublisher.swift; sourceTree = "<group>"; };
		C93021572851F33900A173A6 /* CategoryFilter.swift */ = {isa = PBXFileReference; lastKnownFileType = sourcecode.swift; path = CategoryFilter.swift; sourceTree = "<group>"; };
		C93021592859DB1400A173A6 /* Message.swift */ = {isa = PBXFileReference; lastKnownFileType = sourcecode.swift; path = Message.swift; sourceTree = "<group>"; };
		C930215B2859F3AD00A173A6 /* MessageService.swift */ = {isa = PBXFileReference; lastKnownFileType = sourcecode.swift; path = MessageService.swift; sourceTree = "<group>"; };
		C930215E285B4BA800A173A6 /* MessageTableViewCell.swift */ = {isa = PBXFileReference; lastKnownFileType = sourcecode.swift; path = MessageTableViewCell.swift; sourceTree = "<group>"; };
		C930215F285B4BA800A173A6 /* MessageTableViewCell.xib */ = {isa = PBXFileReference; lastKnownFileType = file.xib; path = MessageTableViewCell.xib; sourceTree = "<group>"; };
		C9333A2328400A5600DA52E5 /* ProductVM.swift */ = {isa = PBXFileReference; lastKnownFileType = sourcecode.swift; path = ProductVM.swift; sourceTree = "<group>"; };
		C9333A252840CC1000DA52E5 /* UserData.swift */ = {isa = PBXFileReference; lastKnownFileType = sourcecode.swift; path = UserData.swift; sourceTree = "<group>"; };
		C9333A272840D75500DA52E5 /* UserDataVM.swift */ = {isa = PBXFileReference; lastKnownFileType = sourcecode.swift; path = UserDataVM.swift; sourceTree = "<group>"; };
		C93F15E7288689710069F175 /* ObjectWithId.swift */ = {isa = PBXFileReference; lastKnownFileType = sourcecode.swift; path = ObjectWithId.swift; sourceTree = "<group>"; };
		C93F15EA2886A9AA0069F175 /* CoordinatorProtocol.swift */ = {isa = PBXFileReference; lastKnownFileType = sourcecode.swift; path = CoordinatorProtocol.swift; sourceTree = "<group>"; };
		C93F15EC2886AB330069F175 /* Storyboarded.swift */ = {isa = PBXFileReference; lastKnownFileType = sourcecode.swift; path = Storyboarded.swift; sourceTree = "<group>"; };
		C93F15EE2886DC610069F175 /* AlertProtocol.swift */ = {isa = PBXFileReference; lastKnownFileType = sourcecode.swift; path = AlertProtocol.swift; sourceTree = "<group>"; };
		C93F15F22886FC6C0069F175 /* CategoryListCoordinator.swift */ = {isa = PBXFileReference; lastKnownFileType = sourcecode.swift; path = CategoryListCoordinator.swift; sourceTree = "<group>"; };
		C93F15F6288703520069F175 /* ProductListCoordinator.swift */ = {isa = PBXFileReference; lastKnownFileType = sourcecode.swift; path = ProductListCoordinator.swift; sourceTree = "<group>"; };
		C94490892822A340007D9CBD /* imageWork.swift */ = {isa = PBXFileReference; lastKnownFileType = sourcecode.swift; path = imageWork.swift; sourceTree = "<group>"; };
		C944909128239A0D007D9CBD /* SwappingTests.swift */ = {isa = PBXFileReference; lastKnownFileType = sourcecode.swift; path = SwappingTests.swift; sourceTree = "<group>"; };
		C951EC522918E0550001C0AA /* ProductListViewInput.swift */ = {isa = PBXFileReference; lastKnownFileType = sourcecode.swift; path = ProductListViewInput.swift; sourceTree = "<group>"; };
		C951EC542918E0660001C0AA /* ProductListViewOutput.swift */ = {isa = PBXFileReference; lastKnownFileType = sourcecode.swift; path = ProductListViewOutput.swift; sourceTree = "<group>"; };
		C951EC562918E0FD0001C0AA /* ProductListPresenter.swift */ = {isa = PBXFileReference; lastKnownFileType = sourcecode.swift; path = ProductListPresenter.swift; sourceTree = "<group>"; };
		C951EC59291914E60001C0AA /* StateCategories.swift */ = {isa = PBXFileReference; lastKnownFileType = sourcecode.swift; path = StateCategories.swift; sourceTree = "<group>"; };
		C951EC5C291915B50001C0AA /* CategoryTree.swift */ = {isa = PBXFileReference; lastKnownFileType = sourcecode.swift; path = CategoryTree.swift; sourceTree = "<group>"; };
		C951EC5E291918110001C0AA /* CategoriesServiceImp.swift */ = {isa = PBXFileReference; lastKnownFileType = sourcecode.swift; path = CategoriesServiceImp.swift; sourceTree = "<group>"; };
		C951EC61291A9CE20001C0AA /* CategoriesService.swift */ = {isa = PBXFileReference; lastKnownFileType = sourcecode.swift; path = CategoriesService.swift; sourceTree = "<group>"; };
		C951EC66291AA0F20001C0AA /* StateUser.swift */ = {isa = PBXFileReference; lastKnownFileType = sourcecode.swift; path = StateUser.swift; sourceTree = "<group>"; };
		C951EC68291AA1260001C0AA /* StateProduct.swift */ = {isa = PBXFileReference; lastKnownFileType = sourcecode.swift; path = StateProduct.swift; sourceTree = "<group>"; };
		C951EC6C291AA23F0001C0AA /* ProductListManagement.swift */ = {isa = PBXFileReference; lastKnownFileType = sourcecode.swift; path = ProductListManagement.swift; sourceTree = "<group>"; };
		C951EC6E291AA52F0001C0AA /* ProductListManagementImp.swift */ = {isa = PBXFileReference; lastKnownFileType = sourcecode.swift; path = ProductListManagementImp.swift; sourceTree = "<group>"; };
		C951EC71291BB4570001C0AA /* ProductService.swift */ = {isa = PBXFileReference; lastKnownFileType = sourcecode.swift; path = ProductService.swift; sourceTree = "<group>"; };
		C951EC73291BB47F0001C0AA /* ProductServiceImp.swift */ = {isa = PBXFileReference; lastKnownFileType = sourcecode.swift; path = ProductServiceImp.swift; sourceTree = "<group>"; };
		C951EC75291BBDC00001C0AA /* ProductListBuilder.swift */ = {isa = PBXFileReference; lastKnownFileType = sourcecode.swift; path = ProductListBuilder.swift; sourceTree = "<group>"; };
		C951EC77291D2B7C0001C0AA /* ProductPresenter.swift */ = {isa = PBXFileReference; lastKnownFileType = sourcecode.swift; path = ProductPresenter.swift; sourceTree = "<group>"; };
		C951EC7A291D2C5F0001C0AA /* ProductViewInput.swift */ = {isa = PBXFileReference; lastKnownFileType = sourcecode.swift; path = ProductViewInput.swift; sourceTree = "<group>"; };
		C951EC7C291D2C7E0001C0AA /* ProductViewOutput.swift */ = {isa = PBXFileReference; lastKnownFileType = sourcecode.swift; path = ProductViewOutput.swift; sourceTree = "<group>"; };
		C951EC7F291E2E9C0001C0AA /* StateMessage.swift */ = {isa = PBXFileReference; lastKnownFileType = sourcecode.swift; path = StateMessage.swift; sourceTree = "<group>"; };
		C951EC81291E37F40001C0AA /* ProductBuilder.swift */ = {isa = PBXFileReference; lastKnownFileType = sourcecode.swift; path = ProductBuilder.swift; sourceTree = "<group>"; };
		C953F0B6280EE04100EDF49C /* Product.swift */ = {isa = PBXFileReference; lastKnownFileType = sourcecode.swift; path = Product.swift; sourceTree = "<group>"; };
		C953F0B82811392300EDF49C /* FirebaseNetwork.swift */ = {isa = PBXFileReference; lastKnownFileType = sourcecode.swift; path = FirebaseNetwork.swift; sourceTree = "<group>"; };
		C953F0BA28115AE100EDF49C /* CategoryTableViewCell.swift */ = {isa = PBXFileReference; lastKnownFileType = sourcecode.swift; path = CategoryTableViewCell.swift; sourceTree = "<group>"; };
		C953F0BB28115AE100EDF49C /* CategoryTableViewCell.xib */ = {isa = PBXFileReference; lastKnownFileType = file.xib; path = CategoryTableViewCell.xib; sourceTree = "<group>"; };
		C953F0BF28118E9200EDF49C /* CategoryViewController.swift */ = {isa = PBXFileReference; lastKnownFileType = sourcecode.swift; path = CategoryViewController.swift; sourceTree = "<group>"; };
		C953F0C12812AEBC00EDF49C /* DataService.swift */ = {isa = PBXFileReference; lastKnownFileType = sourcecode.swift; path = DataService.swift; sourceTree = "<group>"; };
		C953F0C32812E71000EDF49C /* AuthViewController.swift */ = {isa = PBXFileReference; lastKnownFileType = sourcecode.swift; path = AuthViewController.swift; sourceTree = "<group>"; };
		C953F0C52812E87200EDF49C /* Coordinator.swift */ = {isa = PBXFileReference; lastKnownFileType = sourcecode.swift; path = Coordinator.swift; sourceTree = "<group>"; };
		C95CE719291564A90052DAD7 /* AppState.swift */ = {isa = PBXFileReference; lastKnownFileType = sourcecode.swift; path = AppState.swift; sourceTree = "<group>"; };
		C95CE7242915682C0052DAD7 /* CoordinatedVC.swift */ = {isa = PBXFileReference; lastKnownFileType = sourcecode.swift; path = CoordinatedVC.swift; sourceTree = "<group>"; };
		C95CE7272916790A0052DAD7 /* AuthenticationService.swift */ = {isa = PBXFileReference; lastKnownFileType = sourcecode.swift; path = AuthenticationService.swift; sourceTree = "<group>"; };
		C95CE72929167A6C0052DAD7 /* SettingsPersistance.swift */ = {isa = PBXFileReference; lastKnownFileType = sourcecode.swift; path = SettingsPersistance.swift; sourceTree = "<group>"; };
		C95CE72B2917C77F0052DAD7 /* CheckUserService.swift */ = {isa = PBXFileReference; lastKnownFileType = sourcecode.swift; path = CheckUserService.swift; sourceTree = "<group>"; };
		C95CE72D2917DAEC0052DAD7 /* AuthPresenter.swift */ = {isa = PBXFileReference; lastKnownFileType = sourcecode.swift; path = AuthPresenter.swift; sourceTree = "<group>"; };
		C95CE72F2917DB050052DAD7 /* AuthBuilder.swift */ = {isa = PBXFileReference; lastKnownFileType = sourcecode.swift; path = AuthBuilder.swift; sourceTree = "<group>"; };
		C95CE7322917DB980052DAD7 /* AuthModuleInputOutput.swift */ = {isa = PBXFileReference; lastKnownFileType = sourcecode.swift; path = AuthModuleInputOutput.swift; sourceTree = "<group>"; };
		C95CE7352917DCFE0052DAD7 /* AuthViewInput.swift */ = {isa = PBXFileReference; lastKnownFileType = sourcecode.swift; path = AuthViewInput.swift; sourceTree = "<group>"; };
		C95CE7372917DD330052DAD7 /* AuthViewOutput.swift */ = {isa = PBXFileReference; lastKnownFileType = sourcecode.swift; path = AuthViewOutput.swift; sourceTree = "<group>"; };
		C95CE73A2917FC910052DAD7 /* GlobalConstants.swift */ = {isa = PBXFileReference; lastKnownFileType = sourcecode.swift; path = GlobalConstants.swift; sourceTree = "<group>"; };
		C95CE73E291802C10052DAD7 /* LogOutViewInput.swift */ = {isa = PBXFileReference; lastKnownFileType = sourcecode.swift; path = LogOutViewInput.swift; sourceTree = "<group>"; };
		C95CE740291803080052DAD7 /* LogOutViewOutput.swift */ = {isa = PBXFileReference; lastKnownFileType = sourcecode.swift; path = LogOutViewOutput.swift; sourceTree = "<group>"; };
		C95CE743291803430052DAD7 /* LogOutPresenter.swift */ = {isa = PBXFileReference; lastKnownFileType = sourcecode.swift; path = LogOutPresenter.swift; sourceTree = "<group>"; };
		C994697C291809370037A36B /* Swapping.app */ = {isa = PBXFileReference; explicitFileType = wrapper.application; includeInIndex = 0; path = Swapping.app; sourceTree = BUILT_PRODUCTS_DIR; };
		C994697D291809370037A36B /* SwappingTests.xctest */ = {isa = PBXFileReference; explicitFileType = wrapper.cfbundle; includeInIndex = 0; path = SwappingTests.xctest; sourceTree = BUILT_PRODUCTS_DIR; };
		C994697E291809370037A36B /* SwappingUITests.xctest */ = {isa = PBXFileReference; explicitFileType = wrapper.cfbundle; includeInIndex = 0; path = SwappingUITests.xctest; sourceTree = BUILT_PRODUCTS_DIR; };
		C994697F291809370037A36B /* SwappingTestsDataService.xctest */ = {isa = PBXFileReference; explicitFileType = wrapper.cfbundle; includeInIndex = 0; path = SwappingTestsDataService.xctest; sourceTree = BUILT_PRODUCTS_DIR; };
		C994698029180AF50037A36B /* LogOutBuilder.swift */ = {isa = PBXFileReference; lastKnownFileType = sourcecode.swift; path = LogOutBuilder.swift; sourceTree = "<group>"; };
		C994A01D28167EF700DD8920 /* PhotoPicker.swift */ = {isa = PBXFileReference; lastKnownFileType = sourcecode.swift; path = PhotoPicker.swift; sourceTree = "<group>"; };
		C994BDD7280D98CD00D4AF9F /* AppDelegate.swift */ = {isa = PBXFileReference; lastKnownFileType = sourcecode.swift; path = AppDelegate.swift; sourceTree = "<group>"; };
		C994BDD9280D98CD00D4AF9F /* SceneDelegate.swift */ = {isa = PBXFileReference; lastKnownFileType = sourcecode.swift; path = SceneDelegate.swift; sourceTree = "<group>"; };
		C994BDDB280D98CD00D4AF9F /* CatalogVC.swift */ = {isa = PBXFileReference; lastKnownFileType = sourcecode.swift; path = CatalogVC.swift; sourceTree = "<group>"; };
		C994BDDE280D98CD00D4AF9F /* Base */ = {isa = PBXFileReference; lastKnownFileType = file.storyboard; name = Base; path = Base.lproj/Main.storyboard; sourceTree = "<group>"; };
		C994BDE0280D98CE00D4AF9F /* Assets.xcassets */ = {isa = PBXFileReference; lastKnownFileType = folder.assetcatalog; path = Assets.xcassets; sourceTree = "<group>"; };
		C994BDE3280D98CE00D4AF9F /* Base */ = {isa = PBXFileReference; lastKnownFileType = file.storyboard; name = Base; path = Base.lproj/LaunchScreen.storyboard; sourceTree = "<group>"; };
		C994BDE5280D98CE00D4AF9F /* Info.plist */ = {isa = PBXFileReference; lastKnownFileType = text.plist.xml; path = Info.plist; sourceTree = "<group>"; };
		C994BDEB280D9AD800D4AF9F /* GoogleService-Info.plist */ = {isa = PBXFileReference; fileEncoding = 4; lastKnownFileType = text.plist.xml; path = "GoogleService-Info.plist"; sourceTree = "<group>"; };
		C9A699AA28251D6400C5A37B /* ProductViewController.swift */ = {isa = PBXFileReference; lastKnownFileType = sourcecode.swift; path = ProductViewController.swift; sourceTree = "<group>"; };
		C9A699AC2826730D00C5A37B /* SwappingTestsDataService.swift */ = {isa = PBXFileReference; lastKnownFileType = sourcecode.swift; path = SwappingTestsDataService.swift; sourceTree = "<group>"; };
		C9A699B42827F98F00C5A37B /* SwappingUITests.swift */ = {isa = PBXFileReference; lastKnownFileType = sourcecode.swift; path = SwappingUITests.swift; sourceTree = "<group>"; };
		C9A699B62827F98F00C5A37B /* SwappingUITestsLaunchTests.swift */ = {isa = PBXFileReference; lastKnownFileType = sourcecode.swift; path = SwappingUITestsLaunchTests.swift; sourceTree = "<group>"; };
		C9A699BD282A41E600C5A37B /* Container.swift */ = {isa = PBXFileReference; lastKnownFileType = sourcecode.swift; path = Container.swift; sourceTree = "<group>"; };
		C9A699C3282A92CB00C5A37B /* CategoryListVM.swift */ = {isa = PBXFileReference; lastKnownFileType = sourcecode.swift; path = CategoryListVM.swift; sourceTree = "<group>"; };
		C9A699C7282BA8C500C5A37B /* Category.swift */ = {isa = PBXFileReference; lastKnownFileType = sourcecode.swift; path = Category.swift; sourceTree = "<group>"; };
		C9A699C9282BA8E600C5A37B /* ObjectWithImage.swift */ = {isa = PBXFileReference; lastKnownFileType = sourcecode.swift; path = ObjectWithImage.swift; sourceTree = "<group>"; };
		C9A699CC282BAA2B00C5A37B /* Dynamic.swift */ = {isa = PBXFileReference; lastKnownFileType = sourcecode.swift; path = Dynamic.swift; sourceTree = "<group>"; };
		C9A699CE282BC6AE00C5A37B /* ProductEditVM.swift */ = {isa = PBXFileReference; lastKnownFileType = sourcecode.swift; path = ProductEditVM.swift; sourceTree = "<group>"; };
		C9A699D0282E94E400C5A37B /* CategoryVM.swift */ = {isa = PBXFileReference; lastKnownFileType = sourcecode.swift; path = CategoryVM.swift; sourceTree = "<group>"; };
		CEA4DE286739947B2F6E3C21 /* Pods-Swapping.release.xcconfig */ = {isa = PBXFileReference; includeInIndex = 1; lastKnownFileType = text.xcconfig; name = "Pods-Swapping.release.xcconfig"; path = "Target Support Files/Pods-Swapping/Pods-Swapping.release.xcconfig"; sourceTree = "<group>"; };
		D23F58B959ECE35C1A16FDBE /* Pods_SwappingTests.framework */ = {isa = PBXFileReference; explicitFileType = wrapper.framework; includeInIndex = 0; path = Pods_SwappingTests.framework; sourceTree = BUILT_PRODUCTS_DIR; };
/* End PBXFileReference section */

/* Begin PBXFrameworksBuildPhase section */
		C92D15A92836468400BD172C /* Frameworks */ = {
			isa = PBXFrameworksBuildPhase;
			buildActionMask = 2147483647;
			files = (
				5D4E5B9C5BE6FFFDCA08062C /* Pods_SwappingTestsDataService.framework in Frameworks */,
			);
			runOnlyForDeploymentPostprocessing = 0;
		};
		C944908C28239A0D007D9CBD /* Frameworks */ = {
			isa = PBXFrameworksBuildPhase;
			buildActionMask = 2147483647;
			files = (
				01B54ACEA4E83D4907AFF4CC /* Pods_SwappingTests.framework in Frameworks */,
			);
			runOnlyForDeploymentPostprocessing = 0;
		};
		C994BDD1280D98CD00D4AF9F /* Frameworks */ = {
			isa = PBXFrameworksBuildPhase;
			buildActionMask = 2147483647;
			files = (
				EF66D34884058B1716A8FFD3 /* Pods_Swapping.framework in Frameworks */,
			);
			runOnlyForDeploymentPostprocessing = 0;
		};
		C9A699AF2827F98F00C5A37B /* Frameworks */ = {
			isa = PBXFrameworksBuildPhase;
			buildActionMask = 2147483647;
			files = (
			);
			runOnlyForDeploymentPostprocessing = 0;
		};
/* End PBXFrameworksBuildPhase section */

/* Begin PBXGroup section */
		1E84ACFCE9ABAD4BD7C71F57 /* Frameworks */ = {
			isa = PBXGroup;
			children = (
				AE64C9414726353EC3E08C96 /* Pods_Swapping.framework */,
				D23F58B959ECE35C1A16FDBE /* Pods_SwappingTests.framework */,
				03B07F66DEFE09E7DE028C1E /* Pods_SwappingTestsDataService.framework */,
			);
			name = Frameworks;
			sourceTree = "<group>";
		};
		48405BF594D3399B5F6F485A /* Pods */ = {
			isa = PBXGroup;
			children = (
				0DA918DBB770E71C34DAEED5 /* Pods-Swapping.debug.xcconfig */,
				CEA4DE286739947B2F6E3C21 /* Pods-Swapping.release.xcconfig */,
				0ACCFAEFF9CD26B413E0EF70 /* Pods-SwappingTests.debug.xcconfig */,
				AEBAC420A42C25C1BD24F61E /* Pods-SwappingTests.release.xcconfig */,
				4BAB4D6586F07CB2725CA0DE /* Pods-SwappingTestsDataService.debug.xcconfig */,
				0DA5133E8E19921EF3DEBDD9 /* Pods-SwappingTestsDataService.release.xcconfig */,
			);
			path = Pods;
			sourceTree = "<group>";
		};
		C91CF1A4281EDED400C5CFB8 /* UIKit */ = {
			isa = PBXGroup;
			children = (
				C994BDDB280D98CD00D4AF9F /* CatalogVC.swift */,
				C953F0BA28115AE100EDF49C /* CategoryTableViewCell.swift */,
				C953F0BB28115AE100EDF49C /* CategoryTableViewCell.xib */,
				C91CF19E281BB36300C5CFB8 /* CategorySectionTableViewCell.swift */,
				C91CF19F281BB36300C5CFB8 /* CategorySectionTableViewCell.xib */,
				C953F0BF28118E9200EDF49C /* CategoryViewController.swift */,
			);
			path = UIKit;
			sourceTree = "<group>";
		};
		C91CF1A5281EDF0000C5CFB8 /* ProductModule */ = {
			isa = PBXGroup;
			children = (
				C92D15B528376F1F00BD172C /* ViewModel */,
				C93F15E2288687340069F175 /* View */,
				C951EC77291D2B7C0001C0AA /* ProductPresenter.swift */,
				C951EC81291E37F40001C0AA /* ProductBuilder.swift */,
			);
			path = ProductModule;
			sourceTree = "<group>";
		};
		C92D15AD2836468400BD172C /* SwappingTestsDataService */ = {
			isa = PBXGroup;
			children = (
				C92D15AE2836468400BD172C /* SwappingTestsDataService.swift */,
			);
			path = SwappingTestsDataService;
			sourceTree = "<group>";
		};
		C92D15B528376F1F00BD172C /* ViewModel */ = {
			isa = PBXGroup;
			children = (
				C9A699CE282BC6AE00C5A37B /* ProductEditVM.swift */,
				C9333A2328400A5600DA52E5 /* ProductVM.swift */,
			);
			path = ViewModel;
			sourceTree = "<group>";
		};
		C92D15B628376F2F00BD172C /* ViewModel */ = {
			isa = PBXGroup;
			children = (
				C9A699C3282A92CB00C5A37B /* CategoryListVM.swift */,
				C9A699D0282E94E400C5A37B /* CategoryVM.swift */,
			);
			path = ViewModel;
			sourceTree = "<group>";
		};
		C9333A292840E94200DA52E5 /* ViewModel */ = {
			isa = PBXGroup;
			children = (
				C9333A272840D75500DA52E5 /* UserDataVM.swift */,
			);
			path = ViewModel;
			sourceTree = "<group>";
		};
		C93F15DB288686010069F175 /* CategoriesFlow */ = {
			isa = PBXGroup;
			children = (
				C92D15B628376F2F00BD172C /* ViewModel */,
				C93F15DD288686310069F175 /* view */,
			);
			name = CategoriesFlow;
			path = ..;
			sourceTree = "<group>";
		};
		C93F15DD288686310069F175 /* view */ = {
			isa = PBXGroup;
			children = (
				C91CF1A4281EDED400C5CFB8 /* UIKit */,
			);
			name = view;
			sourceTree = "<group>";
		};
		C93F15DE288686420069F175 /* MessageFlow */ = {
			isa = PBXGroup;
			children = (
				C93F15E02886865B0069F175 /* Model */,
				C93F15DF288686550069F175 /* View */,
			);
			path = MessageFlow;
			sourceTree = "<group>";
		};
		C93F15DF288686550069F175 /* View */ = {
			isa = PBXGroup;
			children = (
				C930215E285B4BA800A173A6 /* MessageTableViewCell.swift */,
				C930215F285B4BA800A173A6 /* MessageTableViewCell.xib */,
			);
			path = View;
			sourceTree = "<group>";
		};
		C93F15E02886865B0069F175 /* Model */ = {
			isa = PBXGroup;
			children = (
				C93021592859DB1400A173A6 /* Message.swift */,
			);
			path = Model;
			sourceTree = "<group>";
		};
		C93F15E2288687340069F175 /* View */ = {
			isa = PBXGroup;
			children = (
				C951EC79291D2BC90001C0AA /* Protocols */,
				C9A699AA28251D6400C5A37B /* ProductViewController.swift */,
				C91CF1A8281EE36100C5CFB8 /* EditProductViewController.swift */,
			);
			path = View;
			sourceTree = "<group>";
		};
		C93F15E3288687640069F175 /* AuthFlow */ = {
			isa = PBXGroup;
			children = (
				C95CE7272916790A0052DAD7 /* AuthenticationService.swift */,
				C9333A252840CC1000DA52E5 /* UserData.swift */,
				C9333A292840E94200DA52E5 /* ViewModel */,
				C95CE72B2917C77F0052DAD7 /* CheckUserService.swift */,
			);
			path = AuthFlow;
			sourceTree = "<group>";
		};
		C93F15E4288687860069F175 /* AuthModule */ = {
			isa = PBXGroup;
			children = (
				C95CE7342917DCDE0052DAD7 /* View */,
				C95CE7312917DB810052DAD7 /* Protocols */,
				C95CE72D2917DAEC0052DAD7 /* AuthPresenter.swift */,
				C95CE72F2917DB050052DAD7 /* AuthBuilder.swift */,
			);
			path = AuthModule;
			sourceTree = "<group>";
		};
		C93F15E6288688680069F175 /* Persistence */ = {
			isa = PBXGroup;
			children = (
				C953F0B82811392300EDF49C /* FirebaseNetwork.swift */,
				C953F0C12812AEBC00EDF49C /* DataService.swift */,
				C95CE72929167A6C0052DAD7 /* SettingsPersistance.swift */,
			);
			path = Persistence;
			sourceTree = "<group>";
		};
		C93F15E92886A9910069F175 /* Coordinator */ = {
			isa = PBXGroup;
			children = (
				C95CE7242915682C0052DAD7 /* CoordinatedVC.swift */,
				C953F0C52812E87200EDF49C /* Coordinator.swift */,
				C93F15EA2886A9AA0069F175 /* CoordinatorProtocol.swift */,
				C93F15F6288703520069F175 /* ProductListCoordinator.swift */,
				C93F15F22886FC6C0069F175 /* CategoryListCoordinator.swift */,
				C93F15EE2886DC610069F175 /* AlertProtocol.swift */,
			);
			path = Coordinator;
			sourceTree = "<group>";
		};
		C944909028239A0D007D9CBD /* SwappingTests */ = {
			isa = PBXGroup;
			children = (
				C9A699AC2826730D00C5A37B /* SwappingTestsDataService.swift */,
				C944909128239A0D007D9CBD /* SwappingTests.swift */,
			);
			path = SwappingTests;
			sourceTree = "<group>";
		};
		C951EC4F2918DFDA0001C0AA /* ProductListModule */ = {
			isa = PBXGroup;
			children = (
				C951EC502918DFFB0001C0AA /* View */,
				C951EC562918E0FD0001C0AA /* ProductListPresenter.swift */,
				C951EC75291BBDC00001C0AA /* ProductListBuilder.swift */,
			);
			path = ProductListModule;
			sourceTree = "<group>";
		};
		C951EC502918DFFB0001C0AA /* View */ = {
			isa = PBXGroup;
			children = (
				C951EC512918E03C0001C0AA /* Protocols */,
				C91CF1A6281EDF2B00C5CFB8 /* ProductListViewController.swift */,
				C91CF1A2281EDDF900C5CFB8 /* ProductCollectionViewCell.swift */,
			);
			path = View;
			sourceTree = "<group>";
		};
		C951EC512918E03C0001C0AA /* Protocols */ = {
			isa = PBXGroup;
			children = (
				C951EC522918E0550001C0AA /* ProductListViewInput.swift */,
				C951EC542918E0660001C0AA /* ProductListViewOutput.swift */,
			);
			path = Protocols;
			sourceTree = "<group>";
		};
		C951EC582918F5C50001C0AA /* CategoriesService */ = {
			isa = PBXGroup;
			children = (
				C93021572851F33900A173A6 /* CategoryFilter.swift */,
			);
			path = CategoriesService;
			sourceTree = "<group>";
		};
		C951EC5B291915100001C0AA /* CategoryModel */ = {
			isa = PBXGroup;
			children = (
				C9A699C7282BA8C500C5A37B /* Category.swift */,
				C951EC5C291915B50001C0AA /* CategoryTree.swift */,
			);
			path = CategoryModel;
			sourceTree = "<group>";
		};
		C951EC60291A9CC60001C0AA /* Categories */ = {
			isa = PBXGroup;
			children = (
				C951EC5E291918110001C0AA /* CategoriesServiceImp.swift */,
				C951EC61291A9CE20001C0AA /* CategoriesService.swift */,
			);
			path = Categories;
			sourceTree = "<group>";
		};
		C951EC63291AA0B20001C0AA /* Category */ = {
			isa = PBXGroup;
			children = (
				C951EC59291914E60001C0AA /* StateCategories.swift */,
			);
			path = Category;
			sourceTree = "<group>";
		};
		C951EC64291AA0C00001C0AA /* Product */ = {
			isa = PBXGroup;
			children = (
				C951EC68291AA1260001C0AA /* StateProduct.swift */,
			);
			path = Product;
			sourceTree = "<group>";
		};
		C951EC65291AA0E00001C0AA /* User */ = {
			isa = PBXGroup;
			children = (
				C951EC66291AA0F20001C0AA /* StateUser.swift */,
			);
			path = User;
			sourceTree = "<group>";
		};
		C951EC6A291AA1FB0001C0AA /* Product */ = {
			isa = PBXGroup;
			children = (
				C951EC6C291AA23F0001C0AA /* ProductListManagement.swift */,
				C951EC6E291AA52F0001C0AA /* ProductListManagementImp.swift */,
			);
			path = Product;
			sourceTree = "<group>";
		};
		C951EC70291BB43B0001C0AA /* ProductService */ = {
			isa = PBXGroup;
			children = (
				C951EC71291BB4570001C0AA /* ProductService.swift */,
				C951EC73291BB47F0001C0AA /* ProductServiceImp.swift */,
			);
			path = ProductService;
			sourceTree = "<group>";
		};
		C951EC79291D2BC90001C0AA /* Protocols */ = {
			isa = PBXGroup;
			children = (
				C951EC7A291D2C5F0001C0AA /* ProductViewInput.swift */,
				C951EC7C291D2C7E0001C0AA /* ProductViewOutput.swift */,
			);
			path = Protocols;
			sourceTree = "<group>";
		};
		C951EC7E291E2E830001C0AA /* Messages */ = {
			isa = PBXGroup;
			children = (
				C951EC7F291E2E9C0001C0AA /* StateMessage.swift */,
			);
			path = Messages;
			sourceTree = "<group>";
		};
		C95CE7182915646F0052DAD7 /* Storage */ = {
			isa = PBXGroup;
			children = (
				C951EC7E291E2E830001C0AA /* Messages */,
				C951EC65291AA0E00001C0AA /* User */,
				C951EC64291AA0C00001C0AA /* Product */,
				C951EC63291AA0B20001C0AA /* Category */,
				C9A699C5282BA83900C5A37B /* Models */,
				C95CE719291564A90052DAD7 /* AppState.swift */,
			);
			path = Storage;
			sourceTree = "<group>";
		};
		C95CE71B291566760052DAD7 /* Services */ = {
			isa = PBXGroup;
			children = (
				C951EC70291BB43B0001C0AA /* ProductService */,
				C951EC582918F5C50001C0AA /* CategoriesService */,
				C93F15E3288687640069F175 /* AuthFlow */,
				C994A01C28158F7F00DD8920 /* PhotoLib */,
				C930215B2859F3AD00A173A6 /* MessageService.swift */,
				C93F15E6288688680069F175 /* Persistence */,
			);
			path = Services;
			sourceTree = "<group>";
		};
		C95CE71C291566880052DAD7 /* Modules */ = {
			isa = PBXGroup;
			children = (
				C93F15EC2886AB330069F175 /* Storyboarded.swift */,
				C994BDE2280D98CE00D4AF9F /* LaunchScreen.storyboard */,
				C994BDDD280D98CD00D4AF9F /* Main.storyboard */,
				C93F15E4288687860069F175 /* AuthModule */,
				C95CE73C291802760052DAD7 /* LogOutModule */,
				C93F15DE288686420069F175 /* MessageFlow */,
				C951EC4F2918DFDA0001C0AA /* ProductListModule */,
				C91CF1A5281EDF0000C5CFB8 /* ProductModule */,
				C93F15DB288686010069F175 /* CategoriesFlow */,
			);
			path = Modules;
			sourceTree = "<group>";
		};
		C95CE7312917DB810052DAD7 /* Protocols */ = {
			isa = PBXGroup;
			children = (
				C95CE7322917DB980052DAD7 /* AuthModuleInputOutput.swift */,
			);
			path = Protocols;
			sourceTree = "<group>";
		};
		C95CE7342917DCDE0052DAD7 /* View */ = {
			isa = PBXGroup;
			children = (
				C95CE7392917DD490052DAD7 /* Protocols */,
				C953F0C32812E71000EDF49C /* AuthViewController.swift */,
			);
			path = View;
			sourceTree = "<group>";
		};
		C95CE7392917DD490052DAD7 /* Protocols */ = {
			isa = PBXGroup;
			children = (
				C95CE7372917DD330052DAD7 /* AuthViewOutput.swift */,
				C95CE7352917DCFE0052DAD7 /* AuthViewInput.swift */,
			);
			path = Protocols;
			sourceTree = "<group>";
		};
		C95CE73C291802760052DAD7 /* LogOutModule */ = {
			isa = PBXGroup;
			children = (
				C95CE7422918032B0052DAD7 /* View */,
				C95CE743291803430052DAD7 /* LogOutPresenter.swift */,
				C994698029180AF50037A36B /* LogOutBuilder.swift */,
			);
			path = LogOutModule;
			sourceTree = "<group>";
		};
		C95CE73D291802A40052DAD7 /* Protocols */ = {
			isa = PBXGroup;
			children = (
				C95CE73E291802C10052DAD7 /* LogOutViewInput.swift */,
				C95CE740291803080052DAD7 /* LogOutViewOutput.swift */,
			);
			path = Protocols;
			sourceTree = "<group>";
		};
		C95CE7422918032B0052DAD7 /* View */ = {
			isa = PBXGroup;
			children = (
				C95CE73D291802A40052DAD7 /* Protocols */,
				C92D15B72837C89500BD172C /* LogoutVC.swift */,
			);
			path = View;
			sourceTree = "<group>";
		};
		C973A126280DC054008BCDF2 /* assets */ = {
			isa = PBXGroup;
			children = (
				C994BDD7280D98CD00D4AF9F /* AppDelegate.swift */,
				C994BDD9280D98CD00D4AF9F /* SceneDelegate.swift */,
				C994BDE0280D98CE00D4AF9F /* Assets.xcassets */,
			);
			path = assets;
			sourceTree = "<group>";
		};
		C994A01C28158F7F00DD8920 /* PhotoLib */ = {
			isa = PBXGroup;
			children = (
				C94490892822A340007D9CBD /* imageWork.swift */,
				C994A01D28167EF700DD8920 /* PhotoPicker.swift */,
			);
			path = PhotoLib;
			sourceTree = "<group>";
		};
		C994BDCB280D98CD00D4AF9F = {
			isa = PBXGroup;
			children = (
				C994BDD6280D98CD00D4AF9F /* Swapping */,
				C944909028239A0D007D9CBD /* SwappingTests */,
				C9A699B32827F98F00C5A37B /* SwappingUITests */,
				C92D15AD2836468400BD172C /* SwappingTestsDataService */,
				48405BF594D3399B5F6F485A /* Pods */,
				1E84ACFCE9ABAD4BD7C71F57 /* Frameworks */,
				C994697C291809370037A36B /* Swapping.app */,
				C994697D291809370037A36B /* SwappingTests.xctest */,
				C994697E291809370037A36B /* SwappingUITests.xctest */,
				C994697F291809370037A36B /* SwappingTestsDataService.xctest */,
			);
			sourceTree = "<group>";
		};
		C994BDD6280D98CD00D4AF9F /* Swapping */ = {
			isa = PBXGroup;
			children = (
				C95CE71C291566880052DAD7 /* Modules */,
				C95CE71B291566760052DAD7 /* Services */,
				C95CE7182915646F0052DAD7 /* Storage */,
				C9A699C6282BA84D00C5A37B /* Logic */,
				C994BDEB280D9AD800D4AF9F /* GoogleService-Info.plist */,
				C994BDE5280D98CE00D4AF9F /* Info.plist */,
				C973A126280DC054008BCDF2 /* assets */,
			);
			path = Swapping;
			sourceTree = "<group>";
		};
		C9A699B32827F98F00C5A37B /* SwappingUITests */ = {
			isa = PBXGroup;
			children = (
				C9A699B42827F98F00C5A37B /* SwappingUITests.swift */,
				C9A699B62827F98F00C5A37B /* SwappingUITestsLaunchTests.swift */,
			);
			path = SwappingUITests;
			sourceTree = "<group>";
		};
		C9A699C5282BA83900C5A37B /* Models */ = {
			isa = PBXGroup;
			children = (
				C951EC5B291915100001C0AA /* CategoryModel */,
				C9A699C9282BA8E600C5A37B /* ObjectWithImage.swift */,
				C93F15E7288689710069F175 /* ObjectWithId.swift */,
				C953F0B6280EE04100EDF49C /* Product.swift */,
			);
			path = Models;
			sourceTree = "<group>";
		};
		C9A699C6282BA84D00C5A37B /* Logic */ = {
			isa = PBXGroup;
			children = (
				C951EC60291A9CC60001C0AA /* Categories */,
				C951EC6A291AA1FB0001C0AA /* Product */,
				C9A699BD282A41E600C5A37B /* Container.swift */,
				C93F15E92886A9910069F175 /* Coordinator */,
				C9A699CB282BA9FB00C5A37B /* Bindings */,
				C95CE73A2917FC910052DAD7 /* GlobalConstants.swift */,
			);
			path = Logic;
			sourceTree = "<group>";
		};
		C9A699CB282BA9FB00C5A37B /* Bindings */ = {
			isa = PBXGroup;
			children = (
				C9A699CC282BAA2B00C5A37B /* Dynamic.swift */,
				C9302155284DE2EE00A173A6 /* RefreshPublisher.swift */,
			);
			path = Bindings;
			sourceTree = "<group>";
		};
/* End PBXGroup section */

/* Begin PBXNativeTarget section */
		C92D15AB2836468400BD172C /* SwappingTestsDataService */ = {
			isa = PBXNativeTarget;
			buildConfigurationList = C92D15B42836468400BD172C /* Build configuration list for PBXNativeTarget "SwappingTestsDataService" */;
			buildPhases = (
				989A82F6611F75740A51E7EE /* [CP] Check Pods Manifest.lock */,
				C92D15A82836468400BD172C /* Sources */,
				C92D15A92836468400BD172C /* Frameworks */,
				C92D15AA2836468400BD172C /* Resources */,
				A3609910C42873C07E83CD1F /* [CP] Embed Pods Frameworks */,
				E77A4081B1E637D2F736675F /* [CP] Copy Pods Resources */,
			);
			buildRules = (
			);
			dependencies = (
				C92D15B12836468400BD172C /* PBXTargetDependency */,
			);
			name = SwappingTestsDataService;
			productName = SwappingTestsDataService;
			productReference = C994697F291809370037A36B /* SwappingTestsDataService.xctest */;
			productType = "com.apple.product-type.bundle.unit-test";
		};
		C944908E28239A0D007D9CBD /* SwappingTests */ = {
			isa = PBXNativeTarget;
			buildConfigurationList = C944909528239A0D007D9CBD /* Build configuration list for PBXNativeTarget "SwappingTests" */;
			buildPhases = (
				61E24F036D9B9B650FBB4CAD /* [CP] Check Pods Manifest.lock */,
				C944908B28239A0D007D9CBD /* Sources */,
				C944908C28239A0D007D9CBD /* Frameworks */,
				C944908D28239A0D007D9CBD /* Resources */,
				93D055AD940FE6C38A4B677E /* [CP] Embed Pods Frameworks */,
				59E4A116341FFF1A4EB6BAE3 /* [CP] Copy Pods Resources */,
			);
			buildRules = (
			);
			dependencies = (
				C944909428239A0D007D9CBD /* PBXTargetDependency */,
			);
			name = SwappingTests;
			productName = SwappingTests;
			productReference = C994697D291809370037A36B /* SwappingTests.xctest */;
			productType = "com.apple.product-type.bundle.unit-test";
		};
		C994BDD3280D98CD00D4AF9F /* Swapping */ = {
			isa = PBXNativeTarget;
			buildConfigurationList = C994BDE8280D98CE00D4AF9F /* Build configuration list for PBXNativeTarget "Swapping" */;
			buildPhases = (
				990C113B3F7817B96EE1C9EC /* [CP] Check Pods Manifest.lock */,
				C994BDD0280D98CD00D4AF9F /* Sources */,
				C994BDD1280D98CD00D4AF9F /* Frameworks */,
				C994BDD2280D98CD00D4AF9F /* Resources */,
				C9B7738FD9455AD13AE24C86 /* [CP] Embed Pods Frameworks */,
				A94DF3B096536CDBE5C66DFC /* [CP] Copy Pods Resources */,
			);
			buildRules = (
			);
			dependencies = (
			);
			name = Swapping;
			productName = Swapping;
			productReference = C994697C291809370037A36B /* Swapping.app */;
			productType = "com.apple.product-type.application";
		};
		C9A699B12827F98F00C5A37B /* SwappingUITests */ = {
			isa = PBXNativeTarget;
			buildConfigurationList = C9A699BA2827F98F00C5A37B /* Build configuration list for PBXNativeTarget "SwappingUITests" */;
			buildPhases = (
				C9A699AE2827F98F00C5A37B /* Sources */,
				C9A699AF2827F98F00C5A37B /* Frameworks */,
				C9A699B02827F98F00C5A37B /* Resources */,
			);
			buildRules = (
			);
			dependencies = (
				C9A699B92827F98F00C5A37B /* PBXTargetDependency */,
			);
			name = SwappingUITests;
			productName = SwappingUITests;
			productReference = C994697E291809370037A36B /* SwappingUITests.xctest */;
			productType = "com.apple.product-type.bundle.ui-testing";
		};
/* End PBXNativeTarget section */

/* Begin PBXProject section */
		C994BDCC280D98CD00D4AF9F /* Project object */ = {
			isa = PBXProject;
			attributes = {
				BuildIndependentTargetsInParallel = 1;
				LastSwiftUpdateCheck = 1340;
				LastUpgradeCheck = 1330;
				TargetAttributes = {
					C92D15AB2836468400BD172C = {
						CreatedOnToolsVersion = 13.4;
						TestTargetID = C994BDD3280D98CD00D4AF9F;
					};
					C944908E28239A0D007D9CBD = {
						CreatedOnToolsVersion = 13.3.1;
						TestTargetID = C994BDD3280D98CD00D4AF9F;
					};
					C994BDD3280D98CD00D4AF9F = {
						CreatedOnToolsVersion = 13.3.1;
					};
					C9A699B12827F98F00C5A37B = {
						CreatedOnToolsVersion = 13.3.1;
						TestTargetID = C994BDD3280D98CD00D4AF9F;
					};
				};
			};
			buildConfigurationList = C994BDCF280D98CD00D4AF9F /* Build configuration list for PBXProject "Swapping" */;
			compatibilityVersion = "Xcode 13.0";
			developmentRegion = en;
			hasScannedForEncodings = 0;
			knownRegions = (
				en,
				Base,
			);
			mainGroup = C994BDCB280D98CD00D4AF9F;
			productRefGroup = C994BDCB280D98CD00D4AF9F;
			projectDirPath = "";
			projectRoot = "";
			targets = (
				C994BDD3280D98CD00D4AF9F /* Swapping */,
				C944908E28239A0D007D9CBD /* SwappingTests */,
				C9A699B12827F98F00C5A37B /* SwappingUITests */,
				C92D15AB2836468400BD172C /* SwappingTestsDataService */,
			);
		};
/* End PBXProject section */

/* Begin PBXResourcesBuildPhase section */
		C92D15AA2836468400BD172C /* Resources */ = {
			isa = PBXResourcesBuildPhase;
			buildActionMask = 2147483647;
			files = (
			);
			runOnlyForDeploymentPostprocessing = 0;
		};
		C944908D28239A0D007D9CBD /* Resources */ = {
			isa = PBXResourcesBuildPhase;
			buildActionMask = 2147483647;
			files = (
			);
			runOnlyForDeploymentPostprocessing = 0;
		};
		C994BDD2280D98CD00D4AF9F /* Resources */ = {
			isa = PBXResourcesBuildPhase;
			buildActionMask = 2147483647;
			files = (
				C91CF1A1281BB36300C5CFB8 /* CategorySectionTableViewCell.xib in Resources */,
				C994BDE4280D98CE00D4AF9F /* LaunchScreen.storyboard in Resources */,
				C953F0BD28115AE100EDF49C /* CategoryTableViewCell.xib in Resources */,
				C994BDEC280D9AD800D4AF9F /* GoogleService-Info.plist in Resources */,
				C994BDE1280D98CE00D4AF9F /* Assets.xcassets in Resources */,
				C9302161285B4BA800A173A6 /* MessageTableViewCell.xib in Resources */,
				C994BDDF280D98CD00D4AF9F /* Main.storyboard in Resources */,
			);
			runOnlyForDeploymentPostprocessing = 0;
		};
		C9A699B02827F98F00C5A37B /* Resources */ = {
			isa = PBXResourcesBuildPhase;
			buildActionMask = 2147483647;
			files = (
			);
			runOnlyForDeploymentPostprocessing = 0;
		};
/* End PBXResourcesBuildPhase section */

/* Begin PBXShellScriptBuildPhase section */
		59E4A116341FFF1A4EB6BAE3 /* [CP] Copy Pods Resources */ = {
			isa = PBXShellScriptBuildPhase;
			buildActionMask = 2147483647;
			files = (
			);
			inputFileListPaths = (
				"${PODS_ROOT}/Target Support Files/Pods-SwappingTests/Pods-SwappingTests-resources-${CONFIGURATION}-input-files.xcfilelist",
			);
			name = "[CP] Copy Pods Resources";
			outputFileListPaths = (
				"${PODS_ROOT}/Target Support Files/Pods-SwappingTests/Pods-SwappingTests-resources-${CONFIGURATION}-output-files.xcfilelist",
			);
			runOnlyForDeploymentPostprocessing = 0;
			shellPath = /bin/sh;
			shellScript = "\"${PODS_ROOT}/Target Support Files/Pods-SwappingTests/Pods-SwappingTests-resources.sh\"\n";
			showEnvVarsInLog = 0;
		};
		61E24F036D9B9B650FBB4CAD /* [CP] Check Pods Manifest.lock */ = {
			isa = PBXShellScriptBuildPhase;
			buildActionMask = 2147483647;
			files = (
			);
			inputFileListPaths = (
			);
			inputPaths = (
				"${PODS_PODFILE_DIR_PATH}/Podfile.lock",
				"${PODS_ROOT}/Manifest.lock",
			);
			name = "[CP] Check Pods Manifest.lock";
			outputFileListPaths = (
			);
			outputPaths = (
				"$(DERIVED_FILE_DIR)/Pods-SwappingTests-checkManifestLockResult.txt",
			);
			runOnlyForDeploymentPostprocessing = 0;
			shellPath = /bin/sh;
			shellScript = "diff \"${PODS_PODFILE_DIR_PATH}/Podfile.lock\" \"${PODS_ROOT}/Manifest.lock\" > /dev/null\nif [ $? != 0 ] ; then\n    # print error to STDERR\n    echo \"error: The sandbox is not in sync with the Podfile.lock. Run 'pod install' or update your CocoaPods installation.\" >&2\n    exit 1\nfi\n# This output is used by Xcode 'outputs' to avoid re-running this script phase.\necho \"SUCCESS\" > \"${SCRIPT_OUTPUT_FILE_0}\"\n";
			showEnvVarsInLog = 0;
		};
		93D055AD940FE6C38A4B677E /* [CP] Embed Pods Frameworks */ = {
			isa = PBXShellScriptBuildPhase;
			buildActionMask = 2147483647;
			files = (
			);
			inputFileListPaths = (
				"${PODS_ROOT}/Target Support Files/Pods-SwappingTests/Pods-SwappingTests-frameworks-${CONFIGURATION}-input-files.xcfilelist",
			);
			name = "[CP] Embed Pods Frameworks";
			outputFileListPaths = (
				"${PODS_ROOT}/Target Support Files/Pods-SwappingTests/Pods-SwappingTests-frameworks-${CONFIGURATION}-output-files.xcfilelist",
			);
			runOnlyForDeploymentPostprocessing = 0;
			shellPath = /bin/sh;
			shellScript = "\"${PODS_ROOT}/Target Support Files/Pods-SwappingTests/Pods-SwappingTests-frameworks.sh\"\n";
			showEnvVarsInLog = 0;
		};
		989A82F6611F75740A51E7EE /* [CP] Check Pods Manifest.lock */ = {
			isa = PBXShellScriptBuildPhase;
			buildActionMask = 2147483647;
			files = (
			);
			inputFileListPaths = (
			);
			inputPaths = (
				"${PODS_PODFILE_DIR_PATH}/Podfile.lock",
				"${PODS_ROOT}/Manifest.lock",
			);
			name = "[CP] Check Pods Manifest.lock";
			outputFileListPaths = (
			);
			outputPaths = (
				"$(DERIVED_FILE_DIR)/Pods-SwappingTestsDataService-checkManifestLockResult.txt",
			);
			runOnlyForDeploymentPostprocessing = 0;
			shellPath = /bin/sh;
			shellScript = "diff \"${PODS_PODFILE_DIR_PATH}/Podfile.lock\" \"${PODS_ROOT}/Manifest.lock\" > /dev/null\nif [ $? != 0 ] ; then\n    # print error to STDERR\n    echo \"error: The sandbox is not in sync with the Podfile.lock. Run 'pod install' or update your CocoaPods installation.\" >&2\n    exit 1\nfi\n# This output is used by Xcode 'outputs' to avoid re-running this script phase.\necho \"SUCCESS\" > \"${SCRIPT_OUTPUT_FILE_0}\"\n";
			showEnvVarsInLog = 0;
		};
		990C113B3F7817B96EE1C9EC /* [CP] Check Pods Manifest.lock */ = {
			isa = PBXShellScriptBuildPhase;
			buildActionMask = 2147483647;
			files = (
			);
			inputFileListPaths = (
			);
			inputPaths = (
				"${PODS_PODFILE_DIR_PATH}/Podfile.lock",
				"${PODS_ROOT}/Manifest.lock",
			);
			name = "[CP] Check Pods Manifest.lock";
			outputFileListPaths = (
			);
			outputPaths = (
				"$(DERIVED_FILE_DIR)/Pods-Swapping-checkManifestLockResult.txt",
			);
			runOnlyForDeploymentPostprocessing = 0;
			shellPath = /bin/sh;
			shellScript = "diff \"${PODS_PODFILE_DIR_PATH}/Podfile.lock\" \"${PODS_ROOT}/Manifest.lock\" > /dev/null\nif [ $? != 0 ] ; then\n    # print error to STDERR\n    echo \"error: The sandbox is not in sync with the Podfile.lock. Run 'pod install' or update your CocoaPods installation.\" >&2\n    exit 1\nfi\n# This output is used by Xcode 'outputs' to avoid re-running this script phase.\necho \"SUCCESS\" > \"${SCRIPT_OUTPUT_FILE_0}\"\n";
			showEnvVarsInLog = 0;
		};
		A3609910C42873C07E83CD1F /* [CP] Embed Pods Frameworks */ = {
			isa = PBXShellScriptBuildPhase;
			buildActionMask = 2147483647;
			files = (
			);
			inputFileListPaths = (
				"${PODS_ROOT}/Target Support Files/Pods-SwappingTestsDataService/Pods-SwappingTestsDataService-frameworks-${CONFIGURATION}-input-files.xcfilelist",
			);
			name = "[CP] Embed Pods Frameworks";
			outputFileListPaths = (
				"${PODS_ROOT}/Target Support Files/Pods-SwappingTestsDataService/Pods-SwappingTestsDataService-frameworks-${CONFIGURATION}-output-files.xcfilelist",
			);
			runOnlyForDeploymentPostprocessing = 0;
			shellPath = /bin/sh;
			shellScript = "\"${PODS_ROOT}/Target Support Files/Pods-SwappingTestsDataService/Pods-SwappingTestsDataService-frameworks.sh\"\n";
			showEnvVarsInLog = 0;
		};
		A94DF3B096536CDBE5C66DFC /* [CP] Copy Pods Resources */ = {
			isa = PBXShellScriptBuildPhase;
			buildActionMask = 2147483647;
			files = (
			);
			inputFileListPaths = (
				"${PODS_ROOT}/Target Support Files/Pods-Swapping/Pods-Swapping-resources-${CONFIGURATION}-input-files.xcfilelist",
			);
			name = "[CP] Copy Pods Resources";
			outputFileListPaths = (
				"${PODS_ROOT}/Target Support Files/Pods-Swapping/Pods-Swapping-resources-${CONFIGURATION}-output-files.xcfilelist",
			);
			runOnlyForDeploymentPostprocessing = 0;
			shellPath = /bin/sh;
			shellScript = "\"${PODS_ROOT}/Target Support Files/Pods-Swapping/Pods-Swapping-resources.sh\"\n";
			showEnvVarsInLog = 0;
		};
		C9B7738FD9455AD13AE24C86 /* [CP] Embed Pods Frameworks */ = {
			isa = PBXShellScriptBuildPhase;
			buildActionMask = 2147483647;
			files = (
			);
			inputFileListPaths = (
				"${PODS_ROOT}/Target Support Files/Pods-Swapping/Pods-Swapping-frameworks-${CONFIGURATION}-input-files.xcfilelist",
			);
			name = "[CP] Embed Pods Frameworks";
			outputFileListPaths = (
				"${PODS_ROOT}/Target Support Files/Pods-Swapping/Pods-Swapping-frameworks-${CONFIGURATION}-output-files.xcfilelist",
			);
			runOnlyForDeploymentPostprocessing = 0;
			shellPath = /bin/sh;
			shellScript = "\"${PODS_ROOT}/Target Support Files/Pods-Swapping/Pods-Swapping-frameworks.sh\"\n";
			showEnvVarsInLog = 0;
		};
		E77A4081B1E637D2F736675F /* [CP] Copy Pods Resources */ = {
			isa = PBXShellScriptBuildPhase;
			buildActionMask = 2147483647;
			files = (
			);
			inputFileListPaths = (
				"${PODS_ROOT}/Target Support Files/Pods-SwappingTestsDataService/Pods-SwappingTestsDataService-resources-${CONFIGURATION}-input-files.xcfilelist",
			);
			name = "[CP] Copy Pods Resources";
			outputFileListPaths = (
				"${PODS_ROOT}/Target Support Files/Pods-SwappingTestsDataService/Pods-SwappingTestsDataService-resources-${CONFIGURATION}-output-files.xcfilelist",
			);
			runOnlyForDeploymentPostprocessing = 0;
			shellPath = /bin/sh;
			shellScript = "\"${PODS_ROOT}/Target Support Files/Pods-SwappingTestsDataService/Pods-SwappingTestsDataService-resources.sh\"\n";
			showEnvVarsInLog = 0;
		};
/* End PBXShellScriptBuildPhase section */

/* Begin PBXSourcesBuildPhase section */
		C92D15A82836468400BD172C /* Sources */ = {
			isa = PBXSourcesBuildPhase;
			buildActionMask = 2147483647;
			files = (
				C92D15AF2836468400BD172C /* SwappingTestsDataService.swift in Sources */,
			);
			runOnlyForDeploymentPostprocessing = 0;
		};
		C944908B28239A0D007D9CBD /* Sources */ = {
			isa = PBXSourcesBuildPhase;
			buildActionMask = 2147483647;
			files = (
				C9A699AD2826730D00C5A37B /* SwappingTestsDataService.swift in Sources */,
				C944909228239A0D007D9CBD /* SwappingTests.swift in Sources */,
			);
			runOnlyForDeploymentPostprocessing = 0;
		};
		C994BDD0280D98CD00D4AF9F /* Sources */ = {
			isa = PBXSourcesBuildPhase;
			buildActionMask = 2147483647;
			files = (
				C91CF1A9281EE36100C5CFB8 /* EditProductViewController.swift in Sources */,
				C930215A2859DB1400A173A6 /* Message.swift in Sources */,
				C953F0C22812AEBC00EDF49C /* DataService.swift in Sources */,
				C951EC82291E37F40001C0AA /* ProductBuilder.swift in Sources */,
				C95CE72A29167A6C0052DAD7 /* SettingsPersistance.swift in Sources */,
				C951EC76291BBDC00001C0AA /* ProductListBuilder.swift in Sources */,
				C91CF1A3281EDDF900C5CFB8 /* ProductCollectionViewCell.swift in Sources */,
				C951EC5A291914E60001C0AA /* StateCategories.swift in Sources */,
				C95CE71A291564A90052DAD7 /* AppState.swift in Sources */,
				C95CE7362917DCFE0052DAD7 /* AuthViewInput.swift in Sources */,
				C951EC5F291918110001C0AA /* CategoriesServiceImp.swift in Sources */,
				C9A699BE282A41E600C5A37B /* Container.swift in Sources */,
				C951EC80291E2E9C0001C0AA /* StateMessage.swift in Sources */,
				C944908A2822A340007D9CBD /* imageWork.swift in Sources */,
				C91CF1A7281EDF2B00C5CFB8 /* ProductListViewController.swift in Sources */,
				C951EC6F291AA52F0001C0AA /* ProductListManagementImp.swift in Sources */,
				C994698129180AF50037A36B /* LogOutBuilder.swift in Sources */,
				C93F15E8288689710069F175 /* ObjectWithId.swift in Sources */,
				C951EC69291AA1270001C0AA /* StateProduct.swift in Sources */,
				C92D15B82837C89500BD172C /* LogoutVC.swift in Sources */,
				C953F0B92811392300EDF49C /* FirebaseNetwork.swift in Sources */,
				C994BDDC280D98CD00D4AF9F /* CatalogVC.swift in Sources */,
				C953F0B7280EE04100EDF49C /* Product.swift in Sources */,
				C9302156284DE2EE00A173A6 /* RefreshPublisher.swift in Sources */,
				C95CE73F291802C10052DAD7 /* LogOutViewInput.swift in Sources */,
				C95CE741291803080052DAD7 /* LogOutViewOutput.swift in Sources */,
				C95CE73B2917FC910052DAD7 /* GlobalConstants.swift in Sources */,
				C951EC532918E0550001C0AA /* ProductListViewInput.swift in Sources */,
				C953F0C42812E71000EDF49C /* AuthViewController.swift in Sources */,
				C93F15F7288703520069F175 /* ProductListCoordinator.swift in Sources */,
				C9A699C4282A92CB00C5A37B /* CategoryListVM.swift in Sources */,
				C951EC72291BB4570001C0AA /* ProductService.swift in Sources */,
				C93F15ED2886AB330069F175 /* Storyboarded.swift in Sources */,
				C95CE7332917DB980052DAD7 /* AuthModuleInputOutput.swift in Sources */,
				C9A699CA282BA8E600C5A37B /* ObjectWithImage.swift in Sources */,
				C9A699D1282E94E400C5A37B /* CategoryVM.swift in Sources */,
				C95CE7252915682C0052DAD7 /* CoordinatedVC.swift in Sources */,
				C91CF1A0281BB36300C5CFB8 /* CategorySectionTableViewCell.swift in Sources */,
				C953F0C62812E87200EDF49C /* Coordinator.swift in Sources */,
				C951EC572918E0FD0001C0AA /* ProductListPresenter.swift in Sources */,
				C951EC78291D2B7C0001C0AA /* ProductPresenter.swift in Sources */,
				C93021582851F33900A173A6 /* CategoryFilter.swift in Sources */,
				C951EC552918E0660001C0AA /* ProductListViewOutput.swift in Sources */,
				C951EC6D291AA23F0001C0AA /* ProductListManagement.swift in Sources */,
				C95CE72E2917DAEC0052DAD7 /* AuthPresenter.swift in Sources */,
				C9333A2428400A5600DA52E5 /* ProductVM.swift in Sources */,
				C93F15EB2886A9AA0069F175 /* CoordinatorProtocol.swift in Sources */,
				C9333A282840D75500DA52E5 /* UserDataVM.swift in Sources */,
				C930215C2859F3AD00A173A6 /* MessageService.swift in Sources */,
				C951EC67291AA0F20001C0AA /* StateUser.swift in Sources */,
				C93F15EF2886DC610069F175 /* AlertProtocol.swift in Sources */,
				C994A01E28167EF700DD8920 /* PhotoPicker.swift in Sources */,
				C953F0C028118E9200EDF49C /* CategoryViewController.swift in Sources */,
				C951EC74291BB47F0001C0AA /* ProductServiceImp.swift in Sources */,
				C953F0BC28115AE100EDF49C /* CategoryTableViewCell.swift in Sources */,
				C95CE72C2917C77F0052DAD7 /* CheckUserService.swift in Sources */,
				C95CE7302917DB050052DAD7 /* AuthBuilder.swift in Sources */,
				C951EC7B291D2C5F0001C0AA /* ProductViewInput.swift in Sources */,
				C994BDD8280D98CD00D4AF9F /* AppDelegate.swift in Sources */,
				C9302160285B4BA800A173A6 /* MessageTableViewCell.swift in Sources */,
				C994BDDA280D98CD00D4AF9F /* SceneDelegate.swift in Sources */,
				C9333A262840CC1000DA52E5 /* UserData.swift in Sources */,
				C951EC5D291915B50001C0AA /* CategoryTree.swift in Sources */,
				C951EC62291A9CE20001C0AA /* CategoriesService.swift in Sources */,
				C951EC7D291D2C7E0001C0AA /* ProductViewOutput.swift in Sources */,
				C95CE744291803430052DAD7 /* LogOutPresenter.swift in Sources */,
				C95CE7382917DD330052DAD7 /* AuthViewOutput.swift in Sources */,
				C9A699CD282BAA2B00C5A37B /* Dynamic.swift in Sources */,
				C9A699AB28251D6400C5A37B /* ProductViewController.swift in Sources */,
				C9A699C8282BA8C500C5A37B /* Category.swift in Sources */,
				C93F15F32886FC6C0069F175 /* CategoryListCoordinator.swift in Sources */,
				C9A699CF282BC6AE00C5A37B /* ProductEditVM.swift in Sources */,
				C95CE7282916790A0052DAD7 /* AuthenticationService.swift in Sources */,
			);
			runOnlyForDeploymentPostprocessing = 0;
		};
		C9A699AE2827F98F00C5A37B /* Sources */ = {
			isa = PBXSourcesBuildPhase;
			buildActionMask = 2147483647;
			files = (
				C9A699B72827F98F00C5A37B /* SwappingUITestsLaunchTests.swift in Sources */,
				C9A699B52827F98F00C5A37B /* SwappingUITests.swift in Sources */,
			);
			runOnlyForDeploymentPostprocessing = 0;
		};
/* End PBXSourcesBuildPhase section */

/* Begin PBXTargetDependency section */
		C92D15B12836468400BD172C /* PBXTargetDependency */ = {
			isa = PBXTargetDependency;
			target = C994BDD3280D98CD00D4AF9F /* Swapping */;
			targetProxy = C92D15B02836468400BD172C /* PBXContainerItemProxy */;
		};
		C944909428239A0D007D9CBD /* PBXTargetDependency */ = {
			isa = PBXTargetDependency;
			target = C994BDD3280D98CD00D4AF9F /* Swapping */;
			targetProxy = C944909328239A0D007D9CBD /* PBXContainerItemProxy */;
		};
		C9A699B92827F98F00C5A37B /* PBXTargetDependency */ = {
			isa = PBXTargetDependency;
			target = C994BDD3280D98CD00D4AF9F /* Swapping */;
			targetProxy = C9A699B82827F98F00C5A37B /* PBXContainerItemProxy */;
		};
/* End PBXTargetDependency section */

/* Begin PBXVariantGroup section */
		C994BDDD280D98CD00D4AF9F /* Main.storyboard */ = {
			isa = PBXVariantGroup;
			children = (
				C994BDDE280D98CD00D4AF9F /* Base */,
			);
			name = Main.storyboard;
			sourceTree = "<group>";
		};
		C994BDE2280D98CE00D4AF9F /* LaunchScreen.storyboard */ = {
			isa = PBXVariantGroup;
			children = (
				C994BDE3280D98CE00D4AF9F /* Base */,
			);
			name = LaunchScreen.storyboard;
			sourceTree = "<group>";
		};
/* End PBXVariantGroup section */

/* Begin XCBuildConfiguration section */
		C92D15B22836468400BD172C /* Debug */ = {
			isa = XCBuildConfiguration;
			baseConfigurationReference = 4BAB4D6586F07CB2725CA0DE /* Pods-SwappingTestsDataService.debug.xcconfig */;
			buildSettings = {
				BUNDLE_LOADER = "$(TEST_HOST)";
				CODE_SIGN_STYLE = Automatic;
				CURRENT_PROJECT_VERSION = 1;
				DEVELOPMENT_TEAM = GQ7L7Q6ZY5;
				GENERATE_INFOPLIST_FILE = YES;
				IPHONEOS_DEPLOYMENT_TARGET = 15.5;
				MARKETING_VERSION = 1.0;
				PRODUCT_BUNDLE_IDENTIFIER = XXX.SwappingTestsDataService;
				PRODUCT_NAME = "$(TARGET_NAME)";
				SWIFT_EMIT_LOC_STRINGS = NO;
				SWIFT_VERSION = 5.0;
				TARGETED_DEVICE_FAMILY = "1,2";
				TEST_HOST = "$(BUILT_PRODUCTS_DIR)/Swapping.app/Swapping";
			};
			name = Debug;
		};
		C92D15B32836468400BD172C /* Release */ = {
			isa = XCBuildConfiguration;
			baseConfigurationReference = 0DA5133E8E19921EF3DEBDD9 /* Pods-SwappingTestsDataService.release.xcconfig */;
			buildSettings = {
				BUNDLE_LOADER = "$(TEST_HOST)";
				CODE_SIGN_STYLE = Automatic;
				CURRENT_PROJECT_VERSION = 1;
				DEVELOPMENT_TEAM = GQ7L7Q6ZY5;
				GENERATE_INFOPLIST_FILE = YES;
				IPHONEOS_DEPLOYMENT_TARGET = 15.5;
				MARKETING_VERSION = 1.0;
				PRODUCT_BUNDLE_IDENTIFIER = XXX.SwappingTestsDataService;
				PRODUCT_NAME = "$(TARGET_NAME)";
				SWIFT_EMIT_LOC_STRINGS = NO;
				SWIFT_VERSION = 5.0;
				TARGETED_DEVICE_FAMILY = "1,2";
				TEST_HOST = "$(BUILT_PRODUCTS_DIR)/Swapping.app/Swapping";
			};
			name = Release;
		};
		C944909628239A0D007D9CBD /* Debug */ = {
			isa = XCBuildConfiguration;
			baseConfigurationReference = 0ACCFAEFF9CD26B413E0EF70 /* Pods-SwappingTests.debug.xcconfig */;
			buildSettings = {
				BUNDLE_LOADER = "$(TEST_HOST)";
				CODE_SIGN_STYLE = Automatic;
				CURRENT_PROJECT_VERSION = 1;
				DEVELOPMENT_TEAM = GQ7L7Q6ZY5;
				GENERATE_INFOPLIST_FILE = YES;
				MARKETING_VERSION = 1.0;
				PRODUCT_BUNDLE_IDENTIFIER = XXX.SwappingTests;
				PRODUCT_NAME = "$(TARGET_NAME)";
				SWIFT_EMIT_LOC_STRINGS = NO;
				SWIFT_VERSION = 5.0;
				TARGETED_DEVICE_FAMILY = "1,2";
				TEST_HOST = "$(BUILT_PRODUCTS_DIR)/Swapping.app/Swapping";
			};
			name = Debug;
		};
		C944909728239A0D007D9CBD /* Release */ = {
			isa = XCBuildConfiguration;
			baseConfigurationReference = AEBAC420A42C25C1BD24F61E /* Pods-SwappingTests.release.xcconfig */;
			buildSettings = {
				BUNDLE_LOADER = "$(TEST_HOST)";
				CODE_SIGN_STYLE = Automatic;
				CURRENT_PROJECT_VERSION = 1;
				DEVELOPMENT_TEAM = GQ7L7Q6ZY5;
				GENERATE_INFOPLIST_FILE = YES;
				MARKETING_VERSION = 1.0;
				PRODUCT_BUNDLE_IDENTIFIER = XXX.SwappingTests;
				PRODUCT_NAME = "$(TARGET_NAME)";
				SWIFT_EMIT_LOC_STRINGS = NO;
				SWIFT_VERSION = 5.0;
				TARGETED_DEVICE_FAMILY = "1,2";
				TEST_HOST = "$(BUILT_PRODUCTS_DIR)/Swapping.app/Swapping";
			};
			name = Release;
		};
		C994BDE6280D98CE00D4AF9F /* Debug */ = {
			isa = XCBuildConfiguration;
			buildSettings = {
				ALWAYS_SEARCH_USER_PATHS = NO;
				CLANG_ANALYZER_NONNULL = YES;
				CLANG_ANALYZER_NUMBER_OBJECT_CONVERSION = YES_AGGRESSIVE;
				CLANG_CXX_LANGUAGE_STANDARD = "gnu++17";
				CLANG_ENABLE_MODULES = YES;
				CLANG_ENABLE_OBJC_ARC = YES;
				CLANG_ENABLE_OBJC_WEAK = YES;
				CLANG_WARN_BLOCK_CAPTURE_AUTORELEASING = YES;
				CLANG_WARN_BOOL_CONVERSION = YES;
				CLANG_WARN_COMMA = YES;
				CLANG_WARN_CONSTANT_CONVERSION = YES;
				CLANG_WARN_DEPRECATED_OBJC_IMPLEMENTATIONS = YES;
				CLANG_WARN_DIRECT_OBJC_ISA_USAGE = YES_ERROR;
				CLANG_WARN_DOCUMENTATION_COMMENTS = YES;
				CLANG_WARN_EMPTY_BODY = YES;
				CLANG_WARN_ENUM_CONVERSION = YES;
				CLANG_WARN_INFINITE_RECURSION = YES;
				CLANG_WARN_INT_CONVERSION = YES;
				CLANG_WARN_NON_LITERAL_NULL_CONVERSION = YES;
				CLANG_WARN_OBJC_IMPLICIT_RETAIN_SELF = YES;
				CLANG_WARN_OBJC_LITERAL_CONVERSION = YES;
				CLANG_WARN_OBJC_ROOT_CLASS = YES_ERROR;
				CLANG_WARN_QUOTED_INCLUDE_IN_FRAMEWORK_HEADER = YES;
				CLANG_WARN_RANGE_LOOP_ANALYSIS = YES;
				CLANG_WARN_STRICT_PROTOTYPES = YES;
				CLANG_WARN_SUSPICIOUS_MOVE = YES;
				CLANG_WARN_UNGUARDED_AVAILABILITY = YES_AGGRESSIVE;
				CLANG_WARN_UNREACHABLE_CODE = YES;
				CLANG_WARN__DUPLICATE_METHOD_MATCH = YES;
				COPY_PHASE_STRIP = NO;
				DEBUG_INFORMATION_FORMAT = dwarf;
				ENABLE_STRICT_OBJC_MSGSEND = YES;
				ENABLE_TESTABILITY = YES;
				ENABLE_TESTING_SEARCH_PATHS = YES;
				GCC_C_LANGUAGE_STANDARD = gnu11;
				GCC_DYNAMIC_NO_PIC = NO;
				GCC_NO_COMMON_BLOCKS = YES;
				GCC_OPTIMIZATION_LEVEL = 0;
				GCC_PREPROCESSOR_DEFINITIONS = (
					"DEBUG=1",
					"$(inherited)",
				);
				GCC_WARN_64_TO_32_BIT_CONVERSION = YES;
				GCC_WARN_ABOUT_RETURN_TYPE = YES_ERROR;
				GCC_WARN_UNDECLARED_SELECTOR = YES;
				GCC_WARN_UNINITIALIZED_AUTOS = YES_AGGRESSIVE;
				GCC_WARN_UNUSED_FUNCTION = YES;
				GCC_WARN_UNUSED_VARIABLE = YES;
				IPHONEOS_DEPLOYMENT_TARGET = 15.4;
				MTL_ENABLE_DEBUG_INFO = INCLUDE_SOURCE;
				MTL_FAST_MATH = YES;
				ONLY_ACTIVE_ARCH = YES;
				SDKROOT = iphoneos;
				SWIFT_ACTIVE_COMPILATION_CONDITIONS = DEBUG;
				SWIFT_OPTIMIZATION_LEVEL = "-Onone";
			};
			name = Debug;
		};
		C994BDE7280D98CE00D4AF9F /* Release */ = {
			isa = XCBuildConfiguration;
			buildSettings = {
				ALWAYS_SEARCH_USER_PATHS = NO;
				CLANG_ANALYZER_NONNULL = YES;
				CLANG_ANALYZER_NUMBER_OBJECT_CONVERSION = YES_AGGRESSIVE;
				CLANG_CXX_LANGUAGE_STANDARD = "gnu++17";
				CLANG_ENABLE_MODULES = YES;
				CLANG_ENABLE_OBJC_ARC = YES;
				CLANG_ENABLE_OBJC_WEAK = YES;
				CLANG_WARN_BLOCK_CAPTURE_AUTORELEASING = YES;
				CLANG_WARN_BOOL_CONVERSION = YES;
				CLANG_WARN_COMMA = YES;
				CLANG_WARN_CONSTANT_CONVERSION = YES;
				CLANG_WARN_DEPRECATED_OBJC_IMPLEMENTATIONS = YES;
				CLANG_WARN_DIRECT_OBJC_ISA_USAGE = YES_ERROR;
				CLANG_WARN_DOCUMENTATION_COMMENTS = YES;
				CLANG_WARN_EMPTY_BODY = YES;
				CLANG_WARN_ENUM_CONVERSION = YES;
				CLANG_WARN_INFINITE_RECURSION = YES;
				CLANG_WARN_INT_CONVERSION = YES;
				CLANG_WARN_NON_LITERAL_NULL_CONVERSION = YES;
				CLANG_WARN_OBJC_IMPLICIT_RETAIN_SELF = YES;
				CLANG_WARN_OBJC_LITERAL_CONVERSION = YES;
				CLANG_WARN_OBJC_ROOT_CLASS = YES_ERROR;
				CLANG_WARN_QUOTED_INCLUDE_IN_FRAMEWORK_HEADER = YES;
				CLANG_WARN_RANGE_LOOP_ANALYSIS = YES;
				CLANG_WARN_STRICT_PROTOTYPES = YES;
				CLANG_WARN_SUSPICIOUS_MOVE = YES;
				CLANG_WARN_UNGUARDED_AVAILABILITY = YES_AGGRESSIVE;
				CLANG_WARN_UNREACHABLE_CODE = YES;
				CLANG_WARN__DUPLICATE_METHOD_MATCH = YES;
				COPY_PHASE_STRIP = NO;
				DEBUG_INFORMATION_FORMAT = "dwarf-with-dsym";
				ENABLE_NS_ASSERTIONS = NO;
				ENABLE_STRICT_OBJC_MSGSEND = YES;
				ENABLE_TESTABILITY = YES;
				ENABLE_TESTING_SEARCH_PATHS = YES;
				GCC_C_LANGUAGE_STANDARD = gnu11;
				GCC_NO_COMMON_BLOCKS = YES;
				GCC_WARN_64_TO_32_BIT_CONVERSION = YES;
				GCC_WARN_ABOUT_RETURN_TYPE = YES_ERROR;
				GCC_WARN_UNDECLARED_SELECTOR = YES;
				GCC_WARN_UNINITIALIZED_AUTOS = YES_AGGRESSIVE;
				GCC_WARN_UNUSED_FUNCTION = YES;
				GCC_WARN_UNUSED_VARIABLE = YES;
				IPHONEOS_DEPLOYMENT_TARGET = 15.4;
				MTL_ENABLE_DEBUG_INFO = NO;
				MTL_FAST_MATH = YES;
				SDKROOT = iphoneos;
				SWIFT_COMPILATION_MODE = wholemodule;
				SWIFT_OPTIMIZATION_LEVEL = "-O";
				VALIDATE_PRODUCT = YES;
			};
			name = Release;
		};
		C994BDE9280D98CE00D4AF9F /* Debug */ = {
			isa = XCBuildConfiguration;
			baseConfigurationReference = 0DA918DBB770E71C34DAEED5 /* Pods-Swapping.debug.xcconfig */;
			buildSettings = {
				ASSETCATALOG_COMPILER_APPICON_NAME = AppIcon;
				ASSETCATALOG_COMPILER_GLOBAL_ACCENT_COLOR_NAME = AccentColor;
				CODE_SIGN_STYLE = Automatic;
				CURRENT_PROJECT_VERSION = 1;
				DEVELOPMENT_TEAM = GQ7L7Q6ZY5;
				GENERATE_INFOPLIST_FILE = YES;
				INFOPLIST_FILE = Swapping/Info.plist;
				INFOPLIST_KEY_UIApplicationSupportsIndirectInputEvents = YES;
				INFOPLIST_KEY_UILaunchStoryboardName = LaunchScreen;
				INFOPLIST_KEY_UIMainStoryboardFile = Main;
				INFOPLIST_KEY_UISupportedInterfaceOrientations_iPad = "UIInterfaceOrientationPortrait UIInterfaceOrientationPortraitUpsideDown UIInterfaceOrientationLandscapeLeft UIInterfaceOrientationLandscapeRight";
				INFOPLIST_KEY_UISupportedInterfaceOrientations_iPhone = "UIInterfaceOrientationPortrait UIInterfaceOrientationLandscapeLeft UIInterfaceOrientationLandscapeRight";
				LD_RUNPATH_SEARCH_PATHS = (
					"$(inherited)",
					"@executable_path/Frameworks",
				);
				MARKETING_VERSION = 1.0;
				PRODUCT_BUNDLE_IDENTIFIER = XXX.Swapping;
				PRODUCT_NAME = "$(TARGET_NAME)";
				SWIFT_EMIT_LOC_STRINGS = YES;
				SWIFT_VERSION = 5.0;
				TARGETED_DEVICE_FAMILY = "1,2";
			};
			name = Debug;
		};
		C994BDEA280D98CE00D4AF9F /* Release */ = {
			isa = XCBuildConfiguration;
			baseConfigurationReference = CEA4DE286739947B2F6E3C21 /* Pods-Swapping.release.xcconfig */;
			buildSettings = {
				ASSETCATALOG_COMPILER_APPICON_NAME = AppIcon;
				ASSETCATALOG_COMPILER_GLOBAL_ACCENT_COLOR_NAME = AccentColor;
				CODE_SIGN_STYLE = Automatic;
				CURRENT_PROJECT_VERSION = 1;
				DEVELOPMENT_TEAM = GQ7L7Q6ZY5;
				GENERATE_INFOPLIST_FILE = YES;
				INFOPLIST_FILE = Swapping/Info.plist;
				INFOPLIST_KEY_UIApplicationSupportsIndirectInputEvents = YES;
				INFOPLIST_KEY_UILaunchStoryboardName = LaunchScreen;
				INFOPLIST_KEY_UIMainStoryboardFile = Main;
				INFOPLIST_KEY_UISupportedInterfaceOrientations_iPad = "UIInterfaceOrientationPortrait UIInterfaceOrientationPortraitUpsideDown UIInterfaceOrientationLandscapeLeft UIInterfaceOrientationLandscapeRight";
				INFOPLIST_KEY_UISupportedInterfaceOrientations_iPhone = "UIInterfaceOrientationPortrait UIInterfaceOrientationLandscapeLeft UIInterfaceOrientationLandscapeRight";
				LD_RUNPATH_SEARCH_PATHS = (
					"$(inherited)",
					"@executable_path/Frameworks",
				);
				MARKETING_VERSION = 1.0;
				PRODUCT_BUNDLE_IDENTIFIER = XXX.Swapping;
				PRODUCT_NAME = "$(TARGET_NAME)";
				SWIFT_EMIT_LOC_STRINGS = YES;
				SWIFT_VERSION = 5.0;
				TARGETED_DEVICE_FAMILY = "1,2";
			};
			name = Release;
		};
		C9A699BB2827F98F00C5A37B /* Debug */ = {
			isa = XCBuildConfiguration;
			buildSettings = {
				CODE_SIGN_STYLE = Automatic;
				CURRENT_PROJECT_VERSION = 1;
				DEVELOPMENT_TEAM = GQ7L7Q6ZY5;
				GENERATE_INFOPLIST_FILE = YES;
				MARKETING_VERSION = 1.0;
				PRODUCT_BUNDLE_IDENTIFIER = XXX.SwappingUITests;
				PRODUCT_NAME = "$(TARGET_NAME)";
				SWIFT_EMIT_LOC_STRINGS = NO;
				SWIFT_VERSION = 5.0;
				TARGETED_DEVICE_FAMILY = "1,2";
				TEST_TARGET_NAME = Swapping;
			};
			name = Debug;
		};
		C9A699BC2827F98F00C5A37B /* Release */ = {
			isa = XCBuildConfiguration;
			buildSettings = {
				CODE_SIGN_STYLE = Automatic;
				CURRENT_PROJECT_VERSION = 1;
				DEVELOPMENT_TEAM = GQ7L7Q6ZY5;
				GENERATE_INFOPLIST_FILE = YES;
				MARKETING_VERSION = 1.0;
				PRODUCT_BUNDLE_IDENTIFIER = XXX.SwappingUITests;
				PRODUCT_NAME = "$(TARGET_NAME)";
				SWIFT_EMIT_LOC_STRINGS = NO;
				SWIFT_VERSION = 5.0;
				TARGETED_DEVICE_FAMILY = "1,2";
				TEST_TARGET_NAME = Swapping;
			};
			name = Release;
		};
/* End XCBuildConfiguration section */

/* Begin XCConfigurationList section */
		C92D15B42836468400BD172C /* Build configuration list for PBXNativeTarget "SwappingTestsDataService" */ = {
			isa = XCConfigurationList;
			buildConfigurations = (
				C92D15B22836468400BD172C /* Debug */,
				C92D15B32836468400BD172C /* Release */,
			);
			defaultConfigurationIsVisible = 0;
			defaultConfigurationName = Release;
		};
		C944909528239A0D007D9CBD /* Build configuration list for PBXNativeTarget "SwappingTests" */ = {
			isa = XCConfigurationList;
			buildConfigurations = (
				C944909628239A0D007D9CBD /* Debug */,
				C944909728239A0D007D9CBD /* Release */,
			);
			defaultConfigurationIsVisible = 0;
			defaultConfigurationName = Release;
		};
		C994BDCF280D98CD00D4AF9F /* Build configuration list for PBXProject "Swapping" */ = {
			isa = XCConfigurationList;
			buildConfigurations = (
				C994BDE6280D98CE00D4AF9F /* Debug */,
				C994BDE7280D98CE00D4AF9F /* Release */,
			);
			defaultConfigurationIsVisible = 0;
			defaultConfigurationName = Release;
		};
		C994BDE8280D98CE00D4AF9F /* Build configuration list for PBXNativeTarget "Swapping" */ = {
			isa = XCConfigurationList;
			buildConfigurations = (
				C994BDE9280D98CE00D4AF9F /* Debug */,
				C994BDEA280D98CE00D4AF9F /* Release */,
			);
			defaultConfigurationIsVisible = 0;
			defaultConfigurationName = Release;
		};
		C9A699BA2827F98F00C5A37B /* Build configuration list for PBXNativeTarget "SwappingUITests" */ = {
			isa = XCConfigurationList;
			buildConfigurations = (
				C9A699BB2827F98F00C5A37B /* Debug */,
				C9A699BC2827F98F00C5A37B /* Release */,
			);
			defaultConfigurationIsVisible = 0;
			defaultConfigurationName = Release;
		};
/* End XCConfigurationList section */
	};
	rootObject = C994BDCC280D98CD00D4AF9F /* Project object */;
}
